// !$*UTF8*$!
{
	archiveVersion = 1;
	classes = {
	};
	objectVersion = 46;
	objects = {

/* Begin PBXBuildFile section */
		00E356F31AD99517003FC87E /* TinaTests.m in Sources */ = {isa = PBXBuildFile; fileRef = 00E356F21AD99517003FC87E /* TinaTests.m */; };
		01D16A8702FA45AFBBDDF7C4 /* OpenSans-Italic.ttf in Resources */ = {isa = PBXBuildFile; fileRef = 263FB527B51E4519B2BB72A4 /* OpenSans-Italic.ttf */; };
		0E7EC3D8AF744F27B98BC063 /* Merriweather-BoldItalic.ttf in Resources */ = {isa = PBXBuildFile; fileRef = E173A3375E2A4B8B8B88ECB7 /* Merriweather-BoldItalic.ttf */; };
		13B07FBC1A68108700A75B9A /* AppDelegate.m in Sources */ = {isa = PBXBuildFile; fileRef = 13B07FB01A68108700A75B9A /* AppDelegate.m */; };
		13B07FBD1A68108700A75B9A /* LaunchScreen.xib in Resources */ = {isa = PBXBuildFile; fileRef = 13B07FB11A68108700A75B9A /* LaunchScreen.xib */; };
		13B07FBF1A68108700A75B9A /* Images.xcassets in Resources */ = {isa = PBXBuildFile; fileRef = 13B07FB51A68108700A75B9A /* Images.xcassets */; };
		13B07FC11A68108700A75B9A /* main.m in Sources */ = {isa = PBXBuildFile; fileRef = 13B07FB71A68108700A75B9A /* main.m */; };
		1748E5222ACB494D87394105 /* Merriweather-Regular.ttf in Resources */ = {isa = PBXBuildFile; fileRef = 8FE1B554404F4E4DA4D17D09 /* Merriweather-Regular.ttf */; };
		1EF6CAE525BDFB48819E54DB /* libPods-Tina.a in Frameworks */ = {isa = PBXBuildFile; fileRef = C7B2B5C4F489B13443AF1DE4 /* libPods-Tina.a */; };
		21F9F4FD5FFF425BB900CB54 /* OpenSans-LightItalic.ttf in Resources */ = {isa = PBXBuildFile; fileRef = DC2331B5DF3D47B09179C71A /* OpenSans-LightItalic.ttf */; };
		230A10538FE84238BF99CD62 /* Merriweather-Black.ttf in Resources */ = {isa = PBXBuildFile; fileRef = 66C27073EFFC48A5852BBEDC /* Merriweather-Black.ttf */; };
		23B103D2C6014C9ABCB2A11C /* OpenSans-ExtraBold.ttf in Resources */ = {isa = PBXBuildFile; fileRef = 72AF54E9F4634F7B86512840 /* OpenSans-ExtraBold.ttf */; };
		2D02E4BC1E0B4A80006451C7 /* AppDelegate.m in Sources */ = {isa = PBXBuildFile; fileRef = 13B07FB01A68108700A75B9A /* AppDelegate.m */; };
		2D02E4BD1E0B4A84006451C7 /* Images.xcassets in Resources */ = {isa = PBXBuildFile; fileRef = 13B07FB51A68108700A75B9A /* Images.xcassets */; };
		2D02E4BF1E0B4AB3006451C7 /* main.m in Sources */ = {isa = PBXBuildFile; fileRef = 13B07FB71A68108700A75B9A /* main.m */; };
		2DCD954D1E0B4F2C00145EB5 /* TinaTests.m in Sources */ = {isa = PBXBuildFile; fileRef = 00E356F21AD99517003FC87E /* TinaTests.m */; };
		2DE4A11C9E4E4AF791488859 /* OpenSans-BoldItalic.ttf in Resources */ = {isa = PBXBuildFile; fileRef = A739D4EE348A4A39A3D7F3B2 /* OpenSans-BoldItalic.ttf */; };
		3241DD92F7D44028AD54F2B7 /* OpenSans-SemiBoldItalic.ttf in Resources */ = {isa = PBXBuildFile; fileRef = A7EF643B008B4D8AA287C830 /* OpenSans-SemiBoldItalic.ttf */; };
		38ED574EDA7D2ABABE4296DF /* libPods-Tina-tvOS.a in Frameworks */ = {isa = PBXBuildFile; fileRef = 70CAFE73AA8A96536478AD4F /* libPods-Tina-tvOS.a */; };
		7BC6825F2E404CE2A536D7A0 /* Merriweather-Light.ttf in Resources */ = {isa = PBXBuildFile; fileRef = A5BD21A5C78D45B685D41B0B /* Merriweather-Light.ttf */; };
		8832876F645EAE40F118798B /* libPods-Tina-TinaTests.a in Frameworks */ = {isa = PBXBuildFile; fileRef = 64AAAE90FC08EE7AC59202B0 /* libPods-Tina-TinaTests.a */; };
		89A899D38FD6675BC50CE04A /* libPods-Tina-tvOSTests.a in Frameworks */ = {isa = PBXBuildFile; fileRef = 1ED23637849023CB9EEDACD0 /* libPods-Tina-tvOSTests.a */; };
		B8EB6E575DF04081A5C9EBCF /* Merriweather-LightItalic.ttf in Resources */ = {isa = PBXBuildFile; fileRef = A827E473408C4C8CB83C4DA8 /* Merriweather-LightItalic.ttf */; };
		CBE875D787CB4266B767AB2A /* Merriweather-Italic.ttf in Resources */ = {isa = PBXBuildFile; fileRef = 9E63CD5E47324B91916F5775 /* Merriweather-Italic.ttf */; };
		D2E035C4B7844EF58E92504C /* OpenSans-SemiBold.ttf in Resources */ = {isa = PBXBuildFile; fileRef = 5153120BA24143A48EE92A1D /* OpenSans-SemiBold.ttf */; };
		D779F3C11FD84A2DA7A5E781 /* OpenSans-ExtraBoldItalic.ttf in Resources */ = {isa = PBXBuildFile; fileRef = CBA6018C643F4A15B5F025D1 /* OpenSans-ExtraBoldItalic.ttf */; };
		D8B509F1598D44AAA68054DE /* OpenSans-Bold.ttf in Resources */ = {isa = PBXBuildFile; fileRef = B1859187559B46208E1FE97B /* OpenSans-Bold.ttf */; };
		E7A6EFC252574254A4D005F5 /* Merriweather-BlackItalic.ttf in Resources */ = {isa = PBXBuildFile; fileRef = E1D04E052E1641939F5351AF /* Merriweather-BlackItalic.ttf */; };
		EA59B2D1B96649258981947A /* OpenSans-Regular.ttf in Resources */ = {isa = PBXBuildFile; fileRef = 6AFF4CDE10F8419EBFCCB31F /* OpenSans-Regular.ttf */; };
		F0B856DB0C424C69868FE108 /* Merriweather-Bold.ttf in Resources */ = {isa = PBXBuildFile; fileRef = B22283D4DE784F4691AB15F8 /* Merriweather-Bold.ttf */; };
		F392D09F74EC43F9A57F3863 /* OpenSans-Light.ttf in Resources */ = {isa = PBXBuildFile; fileRef = A477BB29DE274D01B95FCC9C /* OpenSans-Light.ttf */; };
		FA076AA524BAEEAB0045F4EA /* launch_screen.png in Resources */ = {isa = PBXBuildFile; fileRef = FA076AA424BAEEAB0045F4EA /* launch_screen.png */; };
		FA076AAE24BAFFB80045F4EA /* GoogleService-Info.plist in Resources */ = {isa = PBXBuildFile; fileRef = FA076AAD24BAFFB80045F4EA /* GoogleService-Info.plist */; };
		FA076B0F24BC07CE0045F4EA /* 45.json in Resources */ = {isa = PBXBuildFile; fileRef = FA076AB024BC07BD0045F4EA /* 45.json */; };
		FA076B1024BC07CE0045F4EA /* 19.json in Resources */ = {isa = PBXBuildFile; fileRef = FA076AB124BC07BD0045F4EA /* 19.json */; };
		FA076B1124BC07CE0045F4EA /* 10.json in Resources */ = {isa = PBXBuildFile; fileRef = FA076AB224BC07BD0045F4EA /* 10.json */; };
		FA076B1224BC07CE0045F4EA /* 91.json in Resources */ = {isa = PBXBuildFile; fileRef = FA076AB324BC07BE0045F4EA /* 91.json */; };
		FA076B1324BC07CE0045F4EA /* 89.json in Resources */ = {isa = PBXBuildFile; fileRef = FA076AB424BC07BE0045F4EA /* 89.json */; };
		FA076B1424BC07CE0045F4EA /* 64.json in Resources */ = {isa = PBXBuildFile; fileRef = FA076AB524BC07BE0045F4EA /* 64.json */; };
		FA076B1524BC07CE0045F4EA /* 43.json in Resources */ = {isa = PBXBuildFile; fileRef = FA076AB624BC07BE0045F4EA /* 43.json */; };
		FA076B1624BC07CE0045F4EA /* 02.json in Resources */ = {isa = PBXBuildFile; fileRef = FA076AB724BC07BE0045F4EA /* 02.json */; };
		FA076B1724BC07CE0045F4EA /* 57.json in Resources */ = {isa = PBXBuildFile; fileRef = FA076AB824BC07BE0045F4EA /* 57.json */; };
		FA076B1824BC07CE0045F4EA /* 90.json in Resources */ = {isa = PBXBuildFile; fileRef = FA076AB924BC07BE0045F4EA /* 90.json */; };
		FA076B1924BC07CE0045F4EA /* 17.json in Resources */ = {isa = PBXBuildFile; fileRef = FA076ABA24BC07BF0045F4EA /* 17.json */; };
		FA076B1A24BC07CE0045F4EA /* 32.json in Resources */ = {isa = PBXBuildFile; fileRef = FA076ABB24BC07BF0045F4EA /* 32.json */; };
		FA076B1B24BC07CE0045F4EA /* 50.json in Resources */ = {isa = PBXBuildFile; fileRef = FA076ABC24BC07BF0045F4EA /* 50.json */; };
		FA076B1C24BC07CE0045F4EA /* 92.json in Resources */ = {isa = PBXBuildFile; fileRef = FA076ABD24BC07BF0045F4EA /* 92.json */; };
		FA076B1D24BC07CE0045F4EA /* 41.json in Resources */ = {isa = PBXBuildFile; fileRef = FA076ABE24BC07BF0045F4EA /* 41.json */; };
		FA076B1E24BC07CE0045F4EA /* 21.json in Resources */ = {isa = PBXBuildFile; fileRef = FA076ABF24BC07BF0045F4EA /* 21.json */; };
		FA076B1F24BC07CE0045F4EA /* 53.json in Resources */ = {isa = PBXBuildFile; fileRef = FA076AC024BC07C00045F4EA /* 53.json */; };
		FA076B2024BC07CE0045F4EA /* 09.json in Resources */ = {isa = PBXBuildFile; fileRef = FA076AC124BC07C00045F4EA /* 09.json */; };
		FA076B2124BC07CE0045F4EA /* 42.json in Resources */ = {isa = PBXBuildFile; fileRef = FA076AC224BC07C00045F4EA /* 42.json */; };
		FA076B2224BC07CE0045F4EA /* 51.json in Resources */ = {isa = PBXBuildFile; fileRef = FA076AC324BC07C00045F4EA /* 51.json */; };
		FA076B2324BC07CE0045F4EA /* 70.json in Resources */ = {isa = PBXBuildFile; fileRef = FA076AC424BC07C00045F4EA /* 70.json */; };
		FA076B2424BC07CE0045F4EA /* 75.json in Resources */ = {isa = PBXBuildFile; fileRef = FA076AC524BC07C00045F4EA /* 75.json */; };
		FA076B2524BC07CE0045F4EA /* 06.json in Resources */ = {isa = PBXBuildFile; fileRef = FA076AC624BC07C10045F4EA /* 06.json */; };
		FA076B2624BC07CE0045F4EA /* 47.json in Resources */ = {isa = PBXBuildFile; fileRef = FA076AC724BC07C10045F4EA /* 47.json */; };
		FA076B2724BC07CE0045F4EA /* 48.json in Resources */ = {isa = PBXBuildFile; fileRef = FA076AC824BC07C10045F4EA /* 48.json */; };
		FA076B2824BC07CE0045F4EA /* 52.json in Resources */ = {isa = PBXBuildFile; fileRef = FA076AC924BC07C10045F4EA /* 52.json */; };
		FA076B2924BC07CE0045F4EA /* 12.json in Resources */ = {isa = PBXBuildFile; fileRef = FA076ACA24BC07C10045F4EA /* 12.json */; };
		FA076B2A24BC07CE0045F4EA /* 14.json in Resources */ = {isa = PBXBuildFile; fileRef = FA076ACB24BC07C10045F4EA /* 14.json */; };
		FA076B2B24BC07CE0045F4EA /* 62.json in Resources */ = {isa = PBXBuildFile; fileRef = FA076ACC24BC07C20045F4EA /* 62.json */; };
		FA076B2C24BC07CE0045F4EA /* 73.json in Resources */ = {isa = PBXBuildFile; fileRef = FA076ACD24BC07C20045F4EA /* 73.json */; };
		FA076B2D24BC07CE0045F4EA /* 04.json in Resources */ = {isa = PBXBuildFile; fileRef = FA076ACE24BC07C20045F4EA /* 04.json */; };
		FA076B2E24BC07CE0045F4EA /* 33.json in Resources */ = {isa = PBXBuildFile; fileRef = FA076ACF24BC07C20045F4EA /* 33.json */; };
		FA076B2F24BC07CE0045F4EA /* 69.json in Resources */ = {isa = PBXBuildFile; fileRef = FA076AD024BC07C20045F4EA /* 69.json */; };
		FA076B3024BC07CE0045F4EA /* 39.json in Resources */ = {isa = PBXBuildFile; fileRef = FA076AD124BC07C20045F4EA /* 39.json */; };
		FA076B3124BC07CE0045F4EA /* 49.json in Resources */ = {isa = PBXBuildFile; fileRef = FA076AD224BC07C30045F4EA /* 49.json */; };
		FA076B3224BC07CE0045F4EA /* 28.json in Resources */ = {isa = PBXBuildFile; fileRef = FA076AD324BC07C30045F4EA /* 28.json */; };
		FA076B3324BC07CE0045F4EA /* 65.json in Resources */ = {isa = PBXBuildFile; fileRef = FA076AD424BC07C30045F4EA /* 65.json */; };
		FA076B3424BC07CE0045F4EA /* 71.json in Resources */ = {isa = PBXBuildFile; fileRef = FA076AD524BC07C30045F4EA /* 71.json */; };
		FA076B3524BC07CE0045F4EA /* 83.json in Resources */ = {isa = PBXBuildFile; fileRef = FA076AD624BC07C30045F4EA /* 83.json */; };
		FA076B3624BC07CE0045F4EA /* 01.json in Resources */ = {isa = PBXBuildFile; fileRef = FA076AD724BC07C30045F4EA /* 01.json */; };
		FA076B3724BC07CE0045F4EA /* 25.json in Resources */ = {isa = PBXBuildFile; fileRef = FA076AD824BC07C40045F4EA /* 25.json */; };
		FA076B3824BC07CE0045F4EA /* 23.json in Resources */ = {isa = PBXBuildFile; fileRef = FA076AD924BC07C40045F4EA /* 23.json */; };
		FA076B3924BC07CE0045F4EA /* 72.json in Resources */ = {isa = PBXBuildFile; fileRef = FA076ADA24BC07C40045F4EA /* 72.json */; };
		FA076B3A24BC07CE0045F4EA /* 66.json in Resources */ = {isa = PBXBuildFile; fileRef = FA076ADB24BC07C40045F4EA /* 66.json */; };
		FA076B3B24BC07CE0045F4EA /* 94.json in Resources */ = {isa = PBXBuildFile; fileRef = FA076ADC24BC07C40045F4EA /* 94.json */; };
		FA076B3C24BC07CF0045F4EA /* 22.json in Resources */ = {isa = PBXBuildFile; fileRef = FA076ADD24BC07C40045F4EA /* 22.json */; };
		FA076B3D24BC07CF0045F4EA /* 16.json in Resources */ = {isa = PBXBuildFile; fileRef = FA076ADE24BC07C40045F4EA /* 16.json */; };
		FA076B3E24BC07CF0045F4EA /* 79.json in Resources */ = {isa = PBXBuildFile; fileRef = FA076ADF24BC07C50045F4EA /* 79.json */; };
		FA076B3F24BC07CF0045F4EA /* 87.json in Resources */ = {isa = PBXBuildFile; fileRef = FA076AE024BC07C50045F4EA /* 87.json */; };
		FA076B4024BC07CF0045F4EA /* 03.json in Resources */ = {isa = PBXBuildFile; fileRef = FA076AE124BC07C50045F4EA /* 03.json */; };
		FA076B4124BC07CF0045F4EA /* 37.json in Resources */ = {isa = PBXBuildFile; fileRef = FA076AE224BC07C50045F4EA /* 37.json */; };
		FA076B4224BC07CF0045F4EA /* 15.json in Resources */ = {isa = PBXBuildFile; fileRef = FA076AE324BC07C50045F4EA /* 15.json */; };
		FA076B4324BC07CF0045F4EA /* 46.json in Resources */ = {isa = PBXBuildFile; fileRef = FA076AE424BC07C50045F4EA /* 46.json */; };
		FA076B4424BC07CF0045F4EA /* 18.json in Resources */ = {isa = PBXBuildFile; fileRef = FA076AE524BC07C60045F4EA /* 18.json */; };
		FA076B4524BC07CF0045F4EA /* 08.json in Resources */ = {isa = PBXBuildFile; fileRef = FA076AE624BC07C60045F4EA /* 08.json */; };
		FA076B4624BC07CF0045F4EA /* 55.json in Resources */ = {isa = PBXBuildFile; fileRef = FA076AE724BC07C60045F4EA /* 55.json */; };
		FA076B4724BC07CF0045F4EA /* 61.json in Resources */ = {isa = PBXBuildFile; fileRef = FA076AE824BC07C60045F4EA /* 61.json */; };
		FA076B4824BC07CF0045F4EA /* 68.json in Resources */ = {isa = PBXBuildFile; fileRef = FA076AE924BC07C60045F4EA /* 68.json */; };
		FA076B4924BC07CF0045F4EA /* 58.json in Resources */ = {isa = PBXBuildFile; fileRef = FA076AEA24BC07C60045F4EA /* 58.json */; };
		FA076B4A24BC07CF0045F4EA /* 34.json in Resources */ = {isa = PBXBuildFile; fileRef = FA076AEB24BC07C60045F4EA /* 34.json */; };
		FA076B4B24BC07CF0045F4EA /* 81.json in Resources */ = {isa = PBXBuildFile; fileRef = FA076AEC24BC07C60045F4EA /* 81.json */; };
		FA076B4C24BC07CF0045F4EA /* 24.json in Resources */ = {isa = PBXBuildFile; fileRef = FA076AED24BC07C70045F4EA /* 24.json */; };
		FA076B4D24BC07CF0045F4EA /* 67.json in Resources */ = {isa = PBXBuildFile; fileRef = FA076AEE24BC07C70045F4EA /* 67.json */; };
		FA076B4E24BC07CF0045F4EA /* 26.json in Resources */ = {isa = PBXBuildFile; fileRef = FA076AEF24BC07C70045F4EA /* 26.json */; };
		FA076B4F24BC07CF0045F4EA /* 13.json in Resources */ = {isa = PBXBuildFile; fileRef = FA076AF024BC07C70045F4EA /* 13.json */; };
		FA076B5024BC07CF0045F4EA /* 95.json in Resources */ = {isa = PBXBuildFile; fileRef = FA076AF124BC07C70045F4EA /* 95.json */; };
		FA076B5124BC07CF0045F4EA /* 82.json in Resources */ = {isa = PBXBuildFile; fileRef = FA076AF224BC07C70045F4EA /* 82.json */; };
		FA076B5224BC07CF0045F4EA /* 20.json in Resources */ = {isa = PBXBuildFile; fileRef = FA076AF324BC07C80045F4EA /* 20.json */; };
		FA076B5324BC07CF0045F4EA /* 29.json in Resources */ = {isa = PBXBuildFile; fileRef = FA076AF424BC07C80045F4EA /* 29.json */; };
		FA076B5424BC07CF0045F4EA /* 40.json in Resources */ = {isa = PBXBuildFile; fileRef = FA076AF524BC07C80045F4EA /* 40.json */; };
		FA076B5524BC07CF0045F4EA /* 77.json in Resources */ = {isa = PBXBuildFile; fileRef = FA076AF624BC07C80045F4EA /* 77.json */; };
		FA076B5624BC07CF0045F4EA /* 05.json in Resources */ = {isa = PBXBuildFile; fileRef = FA076AF724BC07C80045F4EA /* 05.json */; };
		FA076B5724BC07CF0045F4EA /* 35.json in Resources */ = {isa = PBXBuildFile; fileRef = FA076AF824BC07C80045F4EA /* 35.json */; };
		FA076B5824BC07CF0045F4EA /* 38.json in Resources */ = {isa = PBXBuildFile; fileRef = FA076AF924BC07C80045F4EA /* 38.json */; };
		FA076B5924BC07CF0045F4EA /* 54.json in Resources */ = {isa = PBXBuildFile; fileRef = FA076AFA24BC07C90045F4EA /* 54.json */; };
		FA076B5A24BC07CF0045F4EA /* 11.json in Resources */ = {isa = PBXBuildFile; fileRef = FA076AFB24BC07C90045F4EA /* 11.json */; };
		FA076B5B24BC07CF0045F4EA /* 60.json in Resources */ = {isa = PBXBuildFile; fileRef = FA076AFC24BC07C90045F4EA /* 60.json */; };
		FA076B5C24BC07CF0045F4EA /* 80.json in Resources */ = {isa = PBXBuildFile; fileRef = FA076AFD24BC07C90045F4EA /* 80.json */; };
		FA076B5D24BC07CF0045F4EA /* 78.json in Resources */ = {isa = PBXBuildFile; fileRef = FA076AFE24BC07C90045F4EA /* 78.json */; };
		FA076B5E24BC07CF0045F4EA /* 07.json in Resources */ = {isa = PBXBuildFile; fileRef = FA076AFF24BC07C90045F4EA /* 07.json */; };
		FA076B5F24BC07CF0045F4EA /* 31.json in Resources */ = {isa = PBXBuildFile; fileRef = FA076B0024BC07C90045F4EA /* 31.json */; };
		FA076B6024BC07CF0045F4EA /* 30.json in Resources */ = {isa = PBXBuildFile; fileRef = FA076B0124BC07CA0045F4EA /* 30.json */; };
		FA076B6124BC07CF0045F4EA /* 84.json in Resources */ = {isa = PBXBuildFile; fileRef = FA076B0224BC07CA0045F4EA /* 84.json */; };
		FA076B6224BC07CF0045F4EA /* 86.json in Resources */ = {isa = PBXBuildFile; fileRef = FA076B0324BC07CA0045F4EA /* 86.json */; };
		FA076B6324BC07CF0045F4EA /* 27.json in Resources */ = {isa = PBXBuildFile; fileRef = FA076B0424BC07CA0045F4EA /* 27.json */; };
		FA076B6424BC07CF0045F4EA /* 85.json in Resources */ = {isa = PBXBuildFile; fileRef = FA076B0524BC07CA0045F4EA /* 85.json */; };
		FA076B6524BC07CF0045F4EA /* 59.json in Resources */ = {isa = PBXBuildFile; fileRef = FA076B0624BC07CA0045F4EA /* 59.json */; };
		FA076B6624BC07CF0045F4EA /* 63.json in Resources */ = {isa = PBXBuildFile; fileRef = FA076B0724BC07CB0045F4EA /* 63.json */; };
		FA076B6724BC07CF0045F4EA /* 76.json in Resources */ = {isa = PBXBuildFile; fileRef = FA076B0824BC07CB0045F4EA /* 76.json */; };
		FA076B6824BC07CF0045F4EA /* 74.json in Resources */ = {isa = PBXBuildFile; fileRef = FA076B0924BC07CB0045F4EA /* 74.json */; };
		FA076B6924BC07CF0045F4EA /* 36.json in Resources */ = {isa = PBXBuildFile; fileRef = FA076B0A24BC07CD0045F4EA /* 36.json */; };
		FA076B6A24BC07CF0045F4EA /* 88.json in Resources */ = {isa = PBXBuildFile; fileRef = FA076B0B24BC07CE0045F4EA /* 88.json */; };
		FA076B6B24BC07CF0045F4EA /* 93.json in Resources */ = {isa = PBXBuildFile; fileRef = FA076B0C24BC07CE0045F4EA /* 93.json */; };
		FA076B6C24BC07CF0045F4EA /* 44.json in Resources */ = {isa = PBXBuildFile; fileRef = FA076B0D24BC07CE0045F4EA /* 44.json */; };
		FA076B6D24BC07CF0045F4EA /* 56.json in Resources */ = {isa = PBXBuildFile; fileRef = FA076B0E24BC07CE0045F4EA /* 56.json */; };
		FA076B7524BCC9750045F4EA /* AppIcon58.png in Resources */ = {isa = PBXBuildFile; fileRef = FA076B6E24BCC9720045F4EA /* AppIcon58.png */; };
		FA076B7624BCC9750045F4EA /* AppIcon1024.png in Resources */ = {isa = PBXBuildFile; fileRef = FA076B6F24BCC9730045F4EA /* AppIcon1024.png */; };
		FA076B7724BCC9750045F4EA /* AppIcon180.png in Resources */ = {isa = PBXBuildFile; fileRef = FA076B7024BCC9730045F4EA /* AppIcon180.png */; };
		FA076B7824BCC9750045F4EA /* AppIcon120.png in Resources */ = {isa = PBXBuildFile; fileRef = FA076B7124BCC9730045F4EA /* AppIcon120.png */; };
		FA076B7924BCC9750045F4EA /* AppIcon40.png in Resources */ = {isa = PBXBuildFile; fileRef = FA076B7224BCC9740045F4EA /* AppIcon40.png */; };
		FA076B7A24BCC9750045F4EA /* AppIcon60.png in Resources */ = {isa = PBXBuildFile; fileRef = FA076B7324BCC9740045F4EA /* AppIcon60.png */; };
		FA076B7B24BCC9750045F4EA /* AppIcon87.png in Resources */ = {isa = PBXBuildFile; fileRef = FA076B7424BCC9750045F4EA /* AppIcon87.png */; };
		FA690C2F24BD375500E629B6 /* AppIcon80.png in Resources */ = {isa = PBXBuildFile; fileRef = FA690C2E24BD375500E629B6 /* AppIcon80.png */; };
/* End PBXBuildFile section */

/* Begin PBXContainerItemProxy section */
		00E356F41AD99517003FC87E /* PBXContainerItemProxy */ = {
			isa = PBXContainerItemProxy;
			containerPortal = 83CBB9F71A601CBA00E9B192 /* Project object */;
			proxyType = 1;
			remoteGlobalIDString = 13B07F861A680F5B00A75B9A;
			remoteInfo = Tina;
		};
		2D02E4911E0B4A5D006451C7 /* PBXContainerItemProxy */ = {
			isa = PBXContainerItemProxy;
			containerPortal = 83CBB9F71A601CBA00E9B192 /* Project object */;
			proxyType = 1;
			remoteGlobalIDString = 2D02E47A1E0B4A5D006451C7;
			remoteInfo = "Tina-tvOS";
		};
/* End PBXContainerItemProxy section */

/* Begin PBXFileReference section */
		008F07F21AC5B25A0029DE68 /* main.jsbundle */ = {isa = PBXFileReference; fileEncoding = 4; lastKnownFileType = text; path = main.jsbundle; sourceTree = "<group>"; };
		00E356EE1AD99517003FC87E /* TinaTests.xctest */ = {isa = PBXFileReference; explicitFileType = wrapper.cfbundle; includeInIndex = 0; path = TinaTests.xctest; sourceTree = BUILT_PRODUCTS_DIR; };
		00E356F11AD99517003FC87E /* Info.plist */ = {isa = PBXFileReference; lastKnownFileType = text.plist.xml; path = Info.plist; sourceTree = "<group>"; };
		00E356F21AD99517003FC87E /* TinaTests.m */ = {isa = PBXFileReference; lastKnownFileType = sourcecode.c.objc; path = TinaTests.m; sourceTree = "<group>"; };
		038AC5B0DE7983681112AAE3 /* Pods-Tina.debug.xcconfig */ = {isa = PBXFileReference; includeInIndex = 1; lastKnownFileType = text.xcconfig; name = "Pods-Tina.debug.xcconfig"; path = "Target Support Files/Pods-Tina/Pods-Tina.debug.xcconfig"; sourceTree = "<group>"; };
		044079AA24BF8C8000820C4C /* Tina.entitlements */ = {isa = PBXFileReference; lastKnownFileType = text.plist.entitlements; name = Tina.entitlements; path = Tina/Tina.entitlements; sourceTree = "<group>"; };
		13B07F961A680F5B00A75B9A /* Tina.app */ = {isa = PBXFileReference; explicitFileType = wrapper.application; includeInIndex = 0; path = Tina.app; sourceTree = BUILT_PRODUCTS_DIR; };
		13B07FAF1A68108700A75B9A /* AppDelegate.h */ = {isa = PBXFileReference; fileEncoding = 4; lastKnownFileType = sourcecode.c.h; name = AppDelegate.h; path = Tina/AppDelegate.h; sourceTree = "<group>"; };
		13B07FB01A68108700A75B9A /* AppDelegate.m */ = {isa = PBXFileReference; fileEncoding = 4; lastKnownFileType = sourcecode.c.objc; name = AppDelegate.m; path = Tina/AppDelegate.m; sourceTree = "<group>"; };
		13B07FB21A68108700A75B9A /* Base */ = {isa = PBXFileReference; lastKnownFileType = file.xib; name = Base; path = Base.lproj/LaunchScreen.xib; sourceTree = "<group>"; };
		13B07FB51A68108700A75B9A /* Images.xcassets */ = {isa = PBXFileReference; lastKnownFileType = folder.assetcatalog; name = Images.xcassets; path = Tina/Images.xcassets; sourceTree = "<group>"; };
		13B07FB61A68108700A75B9A /* Info.plist */ = {isa = PBXFileReference; fileEncoding = 4; lastKnownFileType = text.plist.xml; name = Info.plist; path = Tina/Info.plist; sourceTree = "<group>"; };
		13B07FB71A68108700A75B9A /* main.m */ = {isa = PBXFileReference; fileEncoding = 4; lastKnownFileType = sourcecode.c.objc; name = main.m; path = Tina/main.m; sourceTree = "<group>"; };
		1564FB33FF75DB47AC42AD84 /* Pods-Tina.release.xcconfig */ = {isa = PBXFileReference; includeInIndex = 1; lastKnownFileType = text.xcconfig; name = "Pods-Tina.release.xcconfig"; path = "Target Support Files/Pods-Tina/Pods-Tina.release.xcconfig"; sourceTree = "<group>"; };
		1ED23637849023CB9EEDACD0 /* libPods-Tina-tvOSTests.a */ = {isa = PBXFileReference; explicitFileType = archive.ar; includeInIndex = 0; path = "libPods-Tina-tvOSTests.a"; sourceTree = BUILT_PRODUCTS_DIR; };
		209A74D76EE982ABBC5E76F6 /* Pods-Tina-tvOS.debug.xcconfig */ = {isa = PBXFileReference; includeInIndex = 1; lastKnownFileType = text.xcconfig; name = "Pods-Tina-tvOS.debug.xcconfig"; path = "Target Support Files/Pods-Tina-tvOS/Pods-Tina-tvOS.debug.xcconfig"; sourceTree = "<group>"; };
		263FB527B51E4519B2BB72A4 /* OpenSans-Italic.ttf */ = {isa = PBXFileReference; explicitFileType = undefined; fileEncoding = 9; includeInIndex = 0; lastKnownFileType = unknown; name = "OpenSans-Italic.ttf"; path = "../src/common/fonts/OpenSans-Italic.ttf"; sourceTree = "<group>"; };
		2D02E47B1E0B4A5D006451C7 /* Tina-tvOS.app */ = {isa = PBXFileReference; explicitFileType = wrapper.application; includeInIndex = 0; path = "Tina-tvOS.app"; sourceTree = BUILT_PRODUCTS_DIR; };
		2D02E4901E0B4A5D006451C7 /* Tina-tvOSTests.xctest */ = {isa = PBXFileReference; explicitFileType = wrapper.cfbundle; includeInIndex = 0; path = "Tina-tvOSTests.xctest"; sourceTree = BUILT_PRODUCTS_DIR; };
		5153120BA24143A48EE92A1D /* OpenSans-SemiBold.ttf */ = {isa = PBXFileReference; explicitFileType = undefined; fileEncoding = 9; includeInIndex = 0; lastKnownFileType = unknown; name = "OpenSans-SemiBold.ttf"; path = "../src/common/fonts/OpenSans-SemiBold.ttf"; sourceTree = "<group>"; };
		60BC2B4D9DC8F8895B73A495 /* Pods-Tina-tvOSTests.release.xcconfig */ = {isa = PBXFileReference; includeInIndex = 1; lastKnownFileType = text.xcconfig; name = "Pods-Tina-tvOSTests.release.xcconfig"; path = "Target Support Files/Pods-Tina-tvOSTests/Pods-Tina-tvOSTests.release.xcconfig"; sourceTree = "<group>"; };
		64AAAE90FC08EE7AC59202B0 /* libPods-Tina-TinaTests.a */ = {isa = PBXFileReference; explicitFileType = archive.ar; includeInIndex = 0; path = "libPods-Tina-TinaTests.a"; sourceTree = BUILT_PRODUCTS_DIR; };
		66C27073EFFC48A5852BBEDC /* Merriweather-Black.ttf */ = {isa = PBXFileReference; explicitFileType = undefined; fileEncoding = 9; includeInIndex = 0; lastKnownFileType = unknown; name = "Merriweather-Black.ttf"; path = "../src/common/fonts/Merriweather-Black.ttf"; sourceTree = "<group>"; };
		6AFF4CDE10F8419EBFCCB31F /* OpenSans-Regular.ttf */ = {isa = PBXFileReference; explicitFileType = undefined; fileEncoding = 9; includeInIndex = 0; lastKnownFileType = unknown; name = "OpenSans-Regular.ttf"; path = "../src/common/fonts/OpenSans-Regular.ttf"; sourceTree = "<group>"; };
		6FADDCF1335AD1D234268030 /* Pods-Tina-tvOSTests.debug.xcconfig */ = {isa = PBXFileReference; includeInIndex = 1; lastKnownFileType = text.xcconfig; name = "Pods-Tina-tvOSTests.debug.xcconfig"; path = "Target Support Files/Pods-Tina-tvOSTests/Pods-Tina-tvOSTests.debug.xcconfig"; sourceTree = "<group>"; };
		70CAFE73AA8A96536478AD4F /* libPods-Tina-tvOS.a */ = {isa = PBXFileReference; explicitFileType = archive.ar; includeInIndex = 0; path = "libPods-Tina-tvOS.a"; sourceTree = BUILT_PRODUCTS_DIR; };
		72AF54E9F4634F7B86512840 /* OpenSans-ExtraBold.ttf */ = {isa = PBXFileReference; explicitFileType = undefined; fileEncoding = 9; includeInIndex = 0; lastKnownFileType = unknown; name = "OpenSans-ExtraBold.ttf"; path = "../src/common/fonts/OpenSans-ExtraBold.ttf"; sourceTree = "<group>"; };
		831F8DF6991E37E841A4BCB2 /* Pods-Tina-tvOS.release.xcconfig */ = {isa = PBXFileReference; includeInIndex = 1; lastKnownFileType = text.xcconfig; name = "Pods-Tina-tvOS.release.xcconfig"; path = "Target Support Files/Pods-Tina-tvOS/Pods-Tina-tvOS.release.xcconfig"; sourceTree = "<group>"; };
		86EBA38993FE467479615D59 /* Pods-Tina-TinaTests.debug.xcconfig */ = {isa = PBXFileReference; includeInIndex = 1; lastKnownFileType = text.xcconfig; name = "Pods-Tina-TinaTests.debug.xcconfig"; path = "Target Support Files/Pods-Tina-TinaTests/Pods-Tina-TinaTests.debug.xcconfig"; sourceTree = "<group>"; };
		8FE1B554404F4E4DA4D17D09 /* Merriweather-Regular.ttf */ = {isa = PBXFileReference; explicitFileType = undefined; fileEncoding = 9; includeInIndex = 0; lastKnownFileType = unknown; name = "Merriweather-Regular.ttf"; path = "../src/common/fonts/Merriweather-Regular.ttf"; sourceTree = "<group>"; };
		9E63CD5E47324B91916F5775 /* Merriweather-Italic.ttf */ = {isa = PBXFileReference; explicitFileType = undefined; fileEncoding = 9; includeInIndex = 0; lastKnownFileType = unknown; name = "Merriweather-Italic.ttf"; path = "../src/common/fonts/Merriweather-Italic.ttf"; sourceTree = "<group>"; };
		A477BB29DE274D01B95FCC9C /* OpenSans-Light.ttf */ = {isa = PBXFileReference; explicitFileType = undefined; fileEncoding = 9; includeInIndex = 0; lastKnownFileType = unknown; name = "OpenSans-Light.ttf"; path = "../src/common/fonts/OpenSans-Light.ttf"; sourceTree = "<group>"; };
		A5BD21A5C78D45B685D41B0B /* Merriweather-Light.ttf */ = {isa = PBXFileReference; explicitFileType = undefined; fileEncoding = 9; includeInIndex = 0; lastKnownFileType = unknown; name = "Merriweather-Light.ttf"; path = "../src/common/fonts/Merriweather-Light.ttf"; sourceTree = "<group>"; };
		A739D4EE348A4A39A3D7F3B2 /* OpenSans-BoldItalic.ttf */ = {isa = PBXFileReference; explicitFileType = undefined; fileEncoding = 9; includeInIndex = 0; lastKnownFileType = unknown; name = "OpenSans-BoldItalic.ttf"; path = "../src/common/fonts/OpenSans-BoldItalic.ttf"; sourceTree = "<group>"; };
		A7EF643B008B4D8AA287C830 /* OpenSans-SemiBoldItalic.ttf */ = {isa = PBXFileReference; explicitFileType = undefined; fileEncoding = 9; includeInIndex = 0; lastKnownFileType = unknown; name = "OpenSans-SemiBoldItalic.ttf"; path = "../src/common/fonts/OpenSans-SemiBoldItalic.ttf"; sourceTree = "<group>"; };
		A827E473408C4C8CB83C4DA8 /* Merriweather-LightItalic.ttf */ = {isa = PBXFileReference; explicitFileType = undefined; fileEncoding = 9; includeInIndex = 0; lastKnownFileType = unknown; name = "Merriweather-LightItalic.ttf"; path = "../src/common/fonts/Merriweather-LightItalic.ttf"; sourceTree = "<group>"; };
		B1859187559B46208E1FE97B /* OpenSans-Bold.ttf */ = {isa = PBXFileReference; explicitFileType = undefined; fileEncoding = 9; includeInIndex = 0; lastKnownFileType = unknown; name = "OpenSans-Bold.ttf"; path = "../src/common/fonts/OpenSans-Bold.ttf"; sourceTree = "<group>"; };
		B22283D4DE784F4691AB15F8 /* Merriweather-Bold.ttf */ = {isa = PBXFileReference; explicitFileType = undefined; fileEncoding = 9; includeInIndex = 0; lastKnownFileType = unknown; name = "Merriweather-Bold.ttf"; path = "../src/common/fonts/Merriweather-Bold.ttf"; sourceTree = "<group>"; };
		C7B2B5C4F489B13443AF1DE4 /* libPods-Tina.a */ = {isa = PBXFileReference; explicitFileType = archive.ar; includeInIndex = 0; path = "libPods-Tina.a"; sourceTree = BUILT_PRODUCTS_DIR; };
		CBA6018C643F4A15B5F025D1 /* OpenSans-ExtraBoldItalic.ttf */ = {isa = PBXFileReference; explicitFileType = undefined; fileEncoding = 9; includeInIndex = 0; lastKnownFileType = unknown; name = "OpenSans-ExtraBoldItalic.ttf"; path = "../src/common/fonts/OpenSans-ExtraBoldItalic.ttf"; sourceTree = "<group>"; };
		D5C7E5D23C6439C61723E5B8 /* Pods-Tina-TinaTests.release.xcconfig */ = {isa = PBXFileReference; includeInIndex = 1; lastKnownFileType = text.xcconfig; name = "Pods-Tina-TinaTests.release.xcconfig"; path = "Target Support Files/Pods-Tina-TinaTests/Pods-Tina-TinaTests.release.xcconfig"; sourceTree = "<group>"; };
		DC2331B5DF3D47B09179C71A /* OpenSans-LightItalic.ttf */ = {isa = PBXFileReference; explicitFileType = undefined; fileEncoding = 9; includeInIndex = 0; lastKnownFileType = unknown; name = "OpenSans-LightItalic.ttf"; path = "../src/common/fonts/OpenSans-LightItalic.ttf"; sourceTree = "<group>"; };
		E173A3375E2A4B8B8B88ECB7 /* Merriweather-BoldItalic.ttf */ = {isa = PBXFileReference; explicitFileType = undefined; fileEncoding = 9; includeInIndex = 0; lastKnownFileType = unknown; name = "Merriweather-BoldItalic.ttf"; path = "../src/common/fonts/Merriweather-BoldItalic.ttf"; sourceTree = "<group>"; };
		E1D04E052E1641939F5351AF /* Merriweather-BlackItalic.ttf */ = {isa = PBXFileReference; explicitFileType = undefined; fileEncoding = 9; includeInIndex = 0; lastKnownFileType = unknown; name = "Merriweather-BlackItalic.ttf"; path = "../src/common/fonts/Merriweather-BlackItalic.ttf"; sourceTree = "<group>"; };
		ED297162215061F000B7C4FE /* JavaScriptCore.framework */ = {isa = PBXFileReference; lastKnownFileType = wrapper.framework; name = JavaScriptCore.framework; path = System/Library/Frameworks/JavaScriptCore.framework; sourceTree = SDKROOT; };
		ED2971642150620600B7C4FE /* JavaScriptCore.framework */ = {isa = PBXFileReference; lastKnownFileType = wrapper.framework; name = JavaScriptCore.framework; path = Platforms/AppleTVOS.platform/Developer/SDKs/AppleTVOS12.0.sdk/System/Library/Frameworks/JavaScriptCore.framework; sourceTree = DEVELOPER_DIR; };
		FA076AA424BAEEAB0045F4EA /* launch_screen.png */ = {isa = PBXFileReference; lastKnownFileType = image.png; name = launch_screen.png; path = Tina/launch_screen.png; sourceTree = "<group>"; };
		FA076AAD24BAFFB80045F4EA /* GoogleService-Info.plist */ = {isa = PBXFileReference; fileEncoding = 4; lastKnownFileType = text.plist.xml; name = "GoogleService-Info.plist"; path = "Tina/GoogleService-Info.plist"; sourceTree = "<group>"; };
		FA076AB024BC07BD0045F4EA /* 45.json */ = {isa = PBXFileReference; fileEncoding = 4; lastKnownFileType = text.json; path = 45.json; sourceTree = "<group>"; };
		FA076AB124BC07BD0045F4EA /* 19.json */ = {isa = PBXFileReference; fileEncoding = 4; lastKnownFileType = text.json; path = 19.json; sourceTree = "<group>"; };
		FA076AB224BC07BD0045F4EA /* 10.json */ = {isa = PBXFileReference; fileEncoding = 4; lastKnownFileType = text.json; path = 10.json; sourceTree = "<group>"; };
		FA076AB324BC07BE0045F4EA /* 91.json */ = {isa = PBXFileReference; fileEncoding = 4; lastKnownFileType = text.json; path = 91.json; sourceTree = "<group>"; };
		FA076AB424BC07BE0045F4EA /* 89.json */ = {isa = PBXFileReference; fileEncoding = 4; lastKnownFileType = text.json; path = 89.json; sourceTree = "<group>"; };
		FA076AB524BC07BE0045F4EA /* 64.json */ = {isa = PBXFileReference; fileEncoding = 4; lastKnownFileType = text.json; path = 64.json; sourceTree = "<group>"; };
		FA076AB624BC07BE0045F4EA /* 43.json */ = {isa = PBXFileReference; fileEncoding = 4; lastKnownFileType = text.json; path = 43.json; sourceTree = "<group>"; };
		FA076AB724BC07BE0045F4EA /* 02.json */ = {isa = PBXFileReference; fileEncoding = 4; lastKnownFileType = text.json; path = 02.json; sourceTree = "<group>"; };
		FA076AB824BC07BE0045F4EA /* 57.json */ = {isa = PBXFileReference; fileEncoding = 4; lastKnownFileType = text.json; path = 57.json; sourceTree = "<group>"; };
		FA076AB924BC07BE0045F4EA /* 90.json */ = {isa = PBXFileReference; fileEncoding = 4; lastKnownFileType = text.json; path = 90.json; sourceTree = "<group>"; };
		FA076ABA24BC07BF0045F4EA /* 17.json */ = {isa = PBXFileReference; fileEncoding = 4; lastKnownFileType = text.json; path = 17.json; sourceTree = "<group>"; };
		FA076ABB24BC07BF0045F4EA /* 32.json */ = {isa = PBXFileReference; fileEncoding = 4; lastKnownFileType = text.json; path = 32.json; sourceTree = "<group>"; };
		FA076ABC24BC07BF0045F4EA /* 50.json */ = {isa = PBXFileReference; fileEncoding = 4; lastKnownFileType = text.json; path = 50.json; sourceTree = "<group>"; };
		FA076ABD24BC07BF0045F4EA /* 92.json */ = {isa = PBXFileReference; fileEncoding = 4; lastKnownFileType = text.json; path = 92.json; sourceTree = "<group>"; };
		FA076ABE24BC07BF0045F4EA /* 41.json */ = {isa = PBXFileReference; fileEncoding = 4; lastKnownFileType = text.json; path = 41.json; sourceTree = "<group>"; };
		FA076ABF24BC07BF0045F4EA /* 21.json */ = {isa = PBXFileReference; fileEncoding = 4; lastKnownFileType = text.json; path = 21.json; sourceTree = "<group>"; };
		FA076AC024BC07C00045F4EA /* 53.json */ = {isa = PBXFileReference; fileEncoding = 4; lastKnownFileType = text.json; path = 53.json; sourceTree = "<group>"; };
		FA076AC124BC07C00045F4EA /* 09.json */ = {isa = PBXFileReference; fileEncoding = 4; lastKnownFileType = text.json; path = 09.json; sourceTree = "<group>"; };
		FA076AC224BC07C00045F4EA /* 42.json */ = {isa = PBXFileReference; fileEncoding = 4; lastKnownFileType = text.json; path = 42.json; sourceTree = "<group>"; };
		FA076AC324BC07C00045F4EA /* 51.json */ = {isa = PBXFileReference; fileEncoding = 4; lastKnownFileType = text.json; path = 51.json; sourceTree = "<group>"; };
		FA076AC424BC07C00045F4EA /* 70.json */ = {isa = PBXFileReference; fileEncoding = 4; lastKnownFileType = text.json; path = 70.json; sourceTree = "<group>"; };
		FA076AC524BC07C00045F4EA /* 75.json */ = {isa = PBXFileReference; fileEncoding = 4; lastKnownFileType = text.json; path = 75.json; sourceTree = "<group>"; };
		FA076AC624BC07C10045F4EA /* 06.json */ = {isa = PBXFileReference; fileEncoding = 4; lastKnownFileType = text.json; path = 06.json; sourceTree = "<group>"; };
		FA076AC724BC07C10045F4EA /* 47.json */ = {isa = PBXFileReference; fileEncoding = 4; lastKnownFileType = text.json; path = 47.json; sourceTree = "<group>"; };
		FA076AC824BC07C10045F4EA /* 48.json */ = {isa = PBXFileReference; fileEncoding = 4; lastKnownFileType = text.json; path = 48.json; sourceTree = "<group>"; };
		FA076AC924BC07C10045F4EA /* 52.json */ = {isa = PBXFileReference; fileEncoding = 4; lastKnownFileType = text.json; path = 52.json; sourceTree = "<group>"; };
		FA076ACA24BC07C10045F4EA /* 12.json */ = {isa = PBXFileReference; fileEncoding = 4; lastKnownFileType = text.json; path = 12.json; sourceTree = "<group>"; };
		FA076ACB24BC07C10045F4EA /* 14.json */ = {isa = PBXFileReference; fileEncoding = 4; lastKnownFileType = text.json; path = 14.json; sourceTree = "<group>"; };
		FA076ACC24BC07C20045F4EA /* 62.json */ = {isa = PBXFileReference; fileEncoding = 4; lastKnownFileType = text.json; path = 62.json; sourceTree = "<group>"; };
		FA076ACD24BC07C20045F4EA /* 73.json */ = {isa = PBXFileReference; fileEncoding = 4; lastKnownFileType = text.json; path = 73.json; sourceTree = "<group>"; };
		FA076ACE24BC07C20045F4EA /* 04.json */ = {isa = PBXFileReference; fileEncoding = 4; lastKnownFileType = text.json; path = 04.json; sourceTree = "<group>"; };
		FA076ACF24BC07C20045F4EA /* 33.json */ = {isa = PBXFileReference; fileEncoding = 4; lastKnownFileType = text.json; path = 33.json; sourceTree = "<group>"; };
		FA076AD024BC07C20045F4EA /* 69.json */ = {isa = PBXFileReference; fileEncoding = 4; lastKnownFileType = text.json; path = 69.json; sourceTree = "<group>"; };
		FA076AD124BC07C20045F4EA /* 39.json */ = {isa = PBXFileReference; fileEncoding = 4; lastKnownFileType = text.json; path = 39.json; sourceTree = "<group>"; };
		FA076AD224BC07C30045F4EA /* 49.json */ = {isa = PBXFileReference; fileEncoding = 4; lastKnownFileType = text.json; path = 49.json; sourceTree = "<group>"; };
		FA076AD324BC07C30045F4EA /* 28.json */ = {isa = PBXFileReference; fileEncoding = 4; lastKnownFileType = text.json; path = 28.json; sourceTree = "<group>"; };
		FA076AD424BC07C30045F4EA /* 65.json */ = {isa = PBXFileReference; fileEncoding = 4; lastKnownFileType = text.json; path = 65.json; sourceTree = "<group>"; };
		FA076AD524BC07C30045F4EA /* 71.json */ = {isa = PBXFileReference; fileEncoding = 4; lastKnownFileType = text.json; path = 71.json; sourceTree = "<group>"; };
		FA076AD624BC07C30045F4EA /* 83.json */ = {isa = PBXFileReference; fileEncoding = 4; lastKnownFileType = text.json; path = 83.json; sourceTree = "<group>"; };
		FA076AD724BC07C30045F4EA /* 01.json */ = {isa = PBXFileReference; fileEncoding = 4; lastKnownFileType = text.json; path = 01.json; sourceTree = "<group>"; };
		FA076AD824BC07C40045F4EA /* 25.json */ = {isa = PBXFileReference; fileEncoding = 4; lastKnownFileType = text.json; path = 25.json; sourceTree = "<group>"; };
		FA076AD924BC07C40045F4EA /* 23.json */ = {isa = PBXFileReference; fileEncoding = 4; lastKnownFileType = text.json; path = 23.json; sourceTree = "<group>"; };
		FA076ADA24BC07C40045F4EA /* 72.json */ = {isa = PBXFileReference; fileEncoding = 4; lastKnownFileType = text.json; path = 72.json; sourceTree = "<group>"; };
		FA076ADB24BC07C40045F4EA /* 66.json */ = {isa = PBXFileReference; fileEncoding = 4; lastKnownFileType = text.json; path = 66.json; sourceTree = "<group>"; };
		FA076ADC24BC07C40045F4EA /* 94.json */ = {isa = PBXFileReference; fileEncoding = 4; lastKnownFileType = text.json; path = 94.json; sourceTree = "<group>"; };
		FA076ADD24BC07C40045F4EA /* 22.json */ = {isa = PBXFileReference; fileEncoding = 4; lastKnownFileType = text.json; path = 22.json; sourceTree = "<group>"; };
		FA076ADE24BC07C40045F4EA /* 16.json */ = {isa = PBXFileReference; fileEncoding = 4; lastKnownFileType = text.json; path = 16.json; sourceTree = "<group>"; };
		FA076ADF24BC07C50045F4EA /* 79.json */ = {isa = PBXFileReference; fileEncoding = 4; lastKnownFileType = text.json; path = 79.json; sourceTree = "<group>"; };
		FA076AE024BC07C50045F4EA /* 87.json */ = {isa = PBXFileReference; fileEncoding = 4; lastKnownFileType = text.json; path = 87.json; sourceTree = "<group>"; };
		FA076AE124BC07C50045F4EA /* 03.json */ = {isa = PBXFileReference; fileEncoding = 4; lastKnownFileType = text.json; path = 03.json; sourceTree = "<group>"; };
		FA076AE224BC07C50045F4EA /* 37.json */ = {isa = PBXFileReference; fileEncoding = 4; lastKnownFileType = text.json; path = 37.json; sourceTree = "<group>"; };
		FA076AE324BC07C50045F4EA /* 15.json */ = {isa = PBXFileReference; fileEncoding = 4; lastKnownFileType = text.json; path = 15.json; sourceTree = "<group>"; };
		FA076AE424BC07C50045F4EA /* 46.json */ = {isa = PBXFileReference; fileEncoding = 4; lastKnownFileType = text.json; path = 46.json; sourceTree = "<group>"; };
		FA076AE524BC07C60045F4EA /* 18.json */ = {isa = PBXFileReference; fileEncoding = 4; lastKnownFileType = text.json; path = 18.json; sourceTree = "<group>"; };
		FA076AE624BC07C60045F4EA /* 08.json */ = {isa = PBXFileReference; fileEncoding = 4; lastKnownFileType = text.json; path = 08.json; sourceTree = "<group>"; };
		FA076AE724BC07C60045F4EA /* 55.json */ = {isa = PBXFileReference; fileEncoding = 4; lastKnownFileType = text.json; path = 55.json; sourceTree = "<group>"; };
		FA076AE824BC07C60045F4EA /* 61.json */ = {isa = PBXFileReference; fileEncoding = 4; lastKnownFileType = text.json; path = 61.json; sourceTree = "<group>"; };
		FA076AE924BC07C60045F4EA /* 68.json */ = {isa = PBXFileReference; fileEncoding = 4; lastKnownFileType = text.json; path = 68.json; sourceTree = "<group>"; };
		FA076AEA24BC07C60045F4EA /* 58.json */ = {isa = PBXFileReference; fileEncoding = 4; lastKnownFileType = text.json; path = 58.json; sourceTree = "<group>"; };
		FA076AEB24BC07C60045F4EA /* 34.json */ = {isa = PBXFileReference; fileEncoding = 4; lastKnownFileType = text.json; path = 34.json; sourceTree = "<group>"; };
		FA076AEC24BC07C60045F4EA /* 81.json */ = {isa = PBXFileReference; fileEncoding = 4; lastKnownFileType = text.json; path = 81.json; sourceTree = "<group>"; };
		FA076AED24BC07C70045F4EA /* 24.json */ = {isa = PBXFileReference; fileEncoding = 4; lastKnownFileType = text.json; path = 24.json; sourceTree = "<group>"; };
		FA076AEE24BC07C70045F4EA /* 67.json */ = {isa = PBXFileReference; fileEncoding = 4; lastKnownFileType = text.json; path = 67.json; sourceTree = "<group>"; };
		FA076AEF24BC07C70045F4EA /* 26.json */ = {isa = PBXFileReference; fileEncoding = 4; lastKnownFileType = text.json; path = 26.json; sourceTree = "<group>"; };
		FA076AF024BC07C70045F4EA /* 13.json */ = {isa = PBXFileReference; fileEncoding = 4; lastKnownFileType = text.json; path = 13.json; sourceTree = "<group>"; };
		FA076AF124BC07C70045F4EA /* 95.json */ = {isa = PBXFileReference; fileEncoding = 4; lastKnownFileType = text.json; path = 95.json; sourceTree = "<group>"; };
		FA076AF224BC07C70045F4EA /* 82.json */ = {isa = PBXFileReference; fileEncoding = 4; lastKnownFileType = text.json; path = 82.json; sourceTree = "<group>"; };
		FA076AF324BC07C80045F4EA /* 20.json */ = {isa = PBXFileReference; fileEncoding = 4; lastKnownFileType = text.json; path = 20.json; sourceTree = "<group>"; };
		FA076AF424BC07C80045F4EA /* 29.json */ = {isa = PBXFileReference; fileEncoding = 4; lastKnownFileType = text.json; path = 29.json; sourceTree = "<group>"; };
		FA076AF524BC07C80045F4EA /* 40.json */ = {isa = PBXFileReference; fileEncoding = 4; lastKnownFileType = text.json; path = 40.json; sourceTree = "<group>"; };
		FA076AF624BC07C80045F4EA /* 77.json */ = {isa = PBXFileReference; fileEncoding = 4; lastKnownFileType = text.json; path = 77.json; sourceTree = "<group>"; };
		FA076AF724BC07C80045F4EA /* 05.json */ = {isa = PBXFileReference; fileEncoding = 4; lastKnownFileType = text.json; path = 05.json; sourceTree = "<group>"; };
		FA076AF824BC07C80045F4EA /* 35.json */ = {isa = PBXFileReference; fileEncoding = 4; lastKnownFileType = text.json; path = 35.json; sourceTree = "<group>"; };
		FA076AF924BC07C80045F4EA /* 38.json */ = {isa = PBXFileReference; fileEncoding = 4; lastKnownFileType = text.json; path = 38.json; sourceTree = "<group>"; };
		FA076AFA24BC07C90045F4EA /* 54.json */ = {isa = PBXFileReference; fileEncoding = 4; lastKnownFileType = text.json; path = 54.json; sourceTree = "<group>"; };
		FA076AFB24BC07C90045F4EA /* 11.json */ = {isa = PBXFileReference; fileEncoding = 4; lastKnownFileType = text.json; path = 11.json; sourceTree = "<group>"; };
		FA076AFC24BC07C90045F4EA /* 60.json */ = {isa = PBXFileReference; fileEncoding = 4; lastKnownFileType = text.json; path = 60.json; sourceTree = "<group>"; };
		FA076AFD24BC07C90045F4EA /* 80.json */ = {isa = PBXFileReference; fileEncoding = 4; lastKnownFileType = text.json; path = 80.json; sourceTree = "<group>"; };
		FA076AFE24BC07C90045F4EA /* 78.json */ = {isa = PBXFileReference; fileEncoding = 4; lastKnownFileType = text.json; path = 78.json; sourceTree = "<group>"; };
		FA076AFF24BC07C90045F4EA /* 07.json */ = {isa = PBXFileReference; fileEncoding = 4; lastKnownFileType = text.json; path = 07.json; sourceTree = "<group>"; };
		FA076B0024BC07C90045F4EA /* 31.json */ = {isa = PBXFileReference; fileEncoding = 4; lastKnownFileType = text.json; path = 31.json; sourceTree = "<group>"; };
		FA076B0124BC07CA0045F4EA /* 30.json */ = {isa = PBXFileReference; fileEncoding = 4; lastKnownFileType = text.json; path = 30.json; sourceTree = "<group>"; };
		FA076B0224BC07CA0045F4EA /* 84.json */ = {isa = PBXFileReference; fileEncoding = 4; lastKnownFileType = text.json; path = 84.json; sourceTree = "<group>"; };
		FA076B0324BC07CA0045F4EA /* 86.json */ = {isa = PBXFileReference; fileEncoding = 4; lastKnownFileType = text.json; path = 86.json; sourceTree = "<group>"; };
		FA076B0424BC07CA0045F4EA /* 27.json */ = {isa = PBXFileReference; fileEncoding = 4; lastKnownFileType = text.json; path = 27.json; sourceTree = "<group>"; };
		FA076B0524BC07CA0045F4EA /* 85.json */ = {isa = PBXFileReference; fileEncoding = 4; lastKnownFileType = text.json; path = 85.json; sourceTree = "<group>"; };
		FA076B0624BC07CA0045F4EA /* 59.json */ = {isa = PBXFileReference; fileEncoding = 4; lastKnownFileType = text.json; path = 59.json; sourceTree = "<group>"; };
		FA076B0724BC07CB0045F4EA /* 63.json */ = {isa = PBXFileReference; fileEncoding = 4; lastKnownFileType = text.json; path = 63.json; sourceTree = "<group>"; };
		FA076B0824BC07CB0045F4EA /* 76.json */ = {isa = PBXFileReference; fileEncoding = 4; lastKnownFileType = text.json; path = 76.json; sourceTree = "<group>"; };
		FA076B0924BC07CB0045F4EA /* 74.json */ = {isa = PBXFileReference; fileEncoding = 4; lastKnownFileType = text.json; path = 74.json; sourceTree = "<group>"; };
		FA076B0A24BC07CD0045F4EA /* 36.json */ = {isa = PBXFileReference; fileEncoding = 4; lastKnownFileType = text.json; path = 36.json; sourceTree = "<group>"; };
		FA076B0B24BC07CE0045F4EA /* 88.json */ = {isa = PBXFileReference; fileEncoding = 4; lastKnownFileType = text.json; path = 88.json; sourceTree = "<group>"; };
		FA076B0C24BC07CE0045F4EA /* 93.json */ = {isa = PBXFileReference; fileEncoding = 4; lastKnownFileType = text.json; path = 93.json; sourceTree = "<group>"; };
		FA076B0D24BC07CE0045F4EA /* 44.json */ = {isa = PBXFileReference; fileEncoding = 4; lastKnownFileType = text.json; path = 44.json; sourceTree = "<group>"; };
		FA076B0E24BC07CE0045F4EA /* 56.json */ = {isa = PBXFileReference; fileEncoding = 4; lastKnownFileType = text.json; path = 56.json; sourceTree = "<group>"; };
		FA076B6E24BCC9720045F4EA /* AppIcon58.png */ = {isa = PBXFileReference; lastKnownFileType = image.png; path = AppIcon58.png; sourceTree = "<group>"; };
		FA076B6F24BCC9730045F4EA /* AppIcon1024.png */ = {isa = PBXFileReference; lastKnownFileType = image.png; path = AppIcon1024.png; sourceTree = "<group>"; };
		FA076B7024BCC9730045F4EA /* AppIcon180.png */ = {isa = PBXFileReference; lastKnownFileType = image.png; path = AppIcon180.png; sourceTree = "<group>"; };
		FA076B7124BCC9730045F4EA /* AppIcon120.png */ = {isa = PBXFileReference; lastKnownFileType = image.png; path = AppIcon120.png; sourceTree = "<group>"; };
		FA076B7224BCC9740045F4EA /* AppIcon40.png */ = {isa = PBXFileReference; lastKnownFileType = image.png; path = AppIcon40.png; sourceTree = "<group>"; };
		FA076B7324BCC9740045F4EA /* AppIcon60.png */ = {isa = PBXFileReference; lastKnownFileType = image.png; path = AppIcon60.png; sourceTree = "<group>"; };
		FA076B7424BCC9750045F4EA /* AppIcon87.png */ = {isa = PBXFileReference; lastKnownFileType = image.png; path = AppIcon87.png; sourceTree = "<group>"; };
		FA690C2E24BD375500E629B6 /* AppIcon80.png */ = {isa = PBXFileReference; lastKnownFileType = image.png; path = AppIcon80.png; sourceTree = "<group>"; };
/* End PBXFileReference section */

/* Begin PBXFrameworksBuildPhase section */
		00E356EB1AD99517003FC87E /* Frameworks */ = {
			isa = PBXFrameworksBuildPhase;
			buildActionMask = 2147483647;
			files = (
				8832876F645EAE40F118798B /* libPods-Tina-TinaTests.a in Frameworks */,
			);
			runOnlyForDeploymentPostprocessing = 0;
		};
		13B07F8C1A680F5B00A75B9A /* Frameworks */ = {
			isa = PBXFrameworksBuildPhase;
			buildActionMask = 2147483647;
			files = (
				1EF6CAE525BDFB48819E54DB /* libPods-Tina.a in Frameworks */,
			);
			runOnlyForDeploymentPostprocessing = 0;
		};
		2D02E4781E0B4A5D006451C7 /* Frameworks */ = {
			isa = PBXFrameworksBuildPhase;
			buildActionMask = 2147483647;
			files = (
				38ED574EDA7D2ABABE4296DF /* libPods-Tina-tvOS.a in Frameworks */,
			);
			runOnlyForDeploymentPostprocessing = 0;
		};
		2D02E48D1E0B4A5D006451C7 /* Frameworks */ = {
			isa = PBXFrameworksBuildPhase;
			buildActionMask = 2147483647;
			files = (
				89A899D38FD6675BC50CE04A /* libPods-Tina-tvOSTests.a in Frameworks */,
			);
			runOnlyForDeploymentPostprocessing = 0;
		};
/* End PBXFrameworksBuildPhase section */

/* Begin PBXGroup section */
		00E356EF1AD99517003FC87E /* TinaTests */ = {
			isa = PBXGroup;
			children = (
				00E356F21AD99517003FC87E /* TinaTests.m */,
				00E356F01AD99517003FC87E /* Supporting Files */,
			);
			path = TinaTests;
			sourceTree = "<group>";
		};
		00E356F01AD99517003FC87E /* Supporting Files */ = {
			isa = PBXGroup;
			children = (
				00E356F11AD99517003FC87E /* Info.plist */,
			);
			name = "Supporting Files";
			sourceTree = "<group>";
		};
		13B07FAE1A68108700A75B9A /* Tina */ = {
			isa = PBXGroup;
			children = (
				044079AA24BF8C8000820C4C /* Tina.entitlements */,
				FA076AAF24BC07800045F4EA /* zipcodes */,
				FA076AAD24BAFFB80045F4EA /* GoogleService-Info.plist */,
				008F07F21AC5B25A0029DE68 /* main.jsbundle */,
				13B07FAF1A68108700A75B9A /* AppDelegate.h */,
				13B07FB01A68108700A75B9A /* AppDelegate.m */,
				13B07FB51A68108700A75B9A /* Images.xcassets */,
				FA076B7224BCC9740045F4EA /* AppIcon40.png */,
				FA076B6E24BCC9720045F4EA /* AppIcon58.png */,
				FA076B7324BCC9740045F4EA /* AppIcon60.png */,
				FA690C2E24BD375500E629B6 /* AppIcon80.png */,
				FA076B7424BCC9750045F4EA /* AppIcon87.png */,
				FA076B7124BCC9730045F4EA /* AppIcon120.png */,
				FA076B7024BCC9730045F4EA /* AppIcon180.png */,
				FA076B6F24BCC9730045F4EA /* AppIcon1024.png */,
				FA076AA424BAEEAB0045F4EA /* launch_screen.png */,
				13B07FB61A68108700A75B9A /* Info.plist */,
				13B07FB11A68108700A75B9A /* LaunchScreen.xib */,
				13B07FB71A68108700A75B9A /* main.m */,
			);
			name = Tina;
			sourceTree = "<group>";
		};
		2D16E6871FA4F8E400B85C8A /* Frameworks */ = {
			isa = PBXGroup;
			children = (
				ED297162215061F000B7C4FE /* JavaScriptCore.framework */,
				ED2971642150620600B7C4FE /* JavaScriptCore.framework */,
				C7B2B5C4F489B13443AF1DE4 /* libPods-Tina.a */,
				64AAAE90FC08EE7AC59202B0 /* libPods-Tina-TinaTests.a */,
				70CAFE73AA8A96536478AD4F /* libPods-Tina-tvOS.a */,
				1ED23637849023CB9EEDACD0 /* libPods-Tina-tvOSTests.a */,
			);
			name = Frameworks;
			sourceTree = "<group>";
		};
		5A2E59BDC69B4A35A94C2224 /* Resources */ = {
			isa = PBXGroup;
			children = (
				66C27073EFFC48A5852BBEDC /* Merriweather-Black.ttf */,
				E1D04E052E1641939F5351AF /* Merriweather-BlackItalic.ttf */,
				B22283D4DE784F4691AB15F8 /* Merriweather-Bold.ttf */,
				E173A3375E2A4B8B8B88ECB7 /* Merriweather-BoldItalic.ttf */,
				9E63CD5E47324B91916F5775 /* Merriweather-Italic.ttf */,
				A5BD21A5C78D45B685D41B0B /* Merriweather-Light.ttf */,
				A827E473408C4C8CB83C4DA8 /* Merriweather-LightItalic.ttf */,
				8FE1B554404F4E4DA4D17D09 /* Merriweather-Regular.ttf */,
				B1859187559B46208E1FE97B /* OpenSans-Bold.ttf */,
				A739D4EE348A4A39A3D7F3B2 /* OpenSans-BoldItalic.ttf */,
				72AF54E9F4634F7B86512840 /* OpenSans-ExtraBold.ttf */,
				CBA6018C643F4A15B5F025D1 /* OpenSans-ExtraBoldItalic.ttf */,
				263FB527B51E4519B2BB72A4 /* OpenSans-Italic.ttf */,
				A477BB29DE274D01B95FCC9C /* OpenSans-Light.ttf */,
				DC2331B5DF3D47B09179C71A /* OpenSans-LightItalic.ttf */,
				6AFF4CDE10F8419EBFCCB31F /* OpenSans-Regular.ttf */,
				5153120BA24143A48EE92A1D /* OpenSans-SemiBold.ttf */,
				A7EF643B008B4D8AA287C830 /* OpenSans-SemiBoldItalic.ttf */,
			);
			name = Resources;
			sourceTree = "<group>";
		};
		832341AE1AAA6A7D00B99B32 /* Libraries */ = {
			isa = PBXGroup;
			children = (
			);
			name = Libraries;
			sourceTree = "<group>";
		};
		83CBB9F61A601CBA00E9B192 = {
			isa = PBXGroup;
			children = (
				13B07FAE1A68108700A75B9A /* Tina */,
				832341AE1AAA6A7D00B99B32 /* Libraries */,
				00E356EF1AD99517003FC87E /* TinaTests */,
				83CBBA001A601CBA00E9B192 /* Products */,
				2D16E6871FA4F8E400B85C8A /* Frameworks */,
				5A2E59BDC69B4A35A94C2224 /* Resources */,
				D47F24B87E77871ED45AFA61 /* Pods */,
			);
			indentWidth = 2;
			sourceTree = "<group>";
			tabWidth = 2;
			usesTabs = 0;
		};
		83CBBA001A601CBA00E9B192 /* Products */ = {
			isa = PBXGroup;
			children = (
				13B07F961A680F5B00A75B9A /* Tina.app */,
				00E356EE1AD99517003FC87E /* TinaTests.xctest */,
				2D02E47B1E0B4A5D006451C7 /* Tina-tvOS.app */,
				2D02E4901E0B4A5D006451C7 /* Tina-tvOSTests.xctest */,
			);
			name = Products;
			sourceTree = "<group>";
		};
		D47F24B87E77871ED45AFA61 /* Pods */ = {
			isa = PBXGroup;
			children = (
				038AC5B0DE7983681112AAE3 /* Pods-Tina.debug.xcconfig */,
				1564FB33FF75DB47AC42AD84 /* Pods-Tina.release.xcconfig */,
				86EBA38993FE467479615D59 /* Pods-Tina-TinaTests.debug.xcconfig */,
				D5C7E5D23C6439C61723E5B8 /* Pods-Tina-TinaTests.release.xcconfig */,
				209A74D76EE982ABBC5E76F6 /* Pods-Tina-tvOS.debug.xcconfig */,
				831F8DF6991E37E841A4BCB2 /* Pods-Tina-tvOS.release.xcconfig */,
				6FADDCF1335AD1D234268030 /* Pods-Tina-tvOSTests.debug.xcconfig */,
				60BC2B4D9DC8F8895B73A495 /* Pods-Tina-tvOSTests.release.xcconfig */,
			);
			path = Pods;
			sourceTree = "<group>";
		};
		FA076AAF24BC07800045F4EA /* zipcodes */ = {
			isa = PBXGroup;
			children = (
				FA076AD724BC07C30045F4EA /* 01.json */,
				FA076AB724BC07BE0045F4EA /* 02.json */,
				FA076AE124BC07C50045F4EA /* 03.json */,
				FA076ACE24BC07C20045F4EA /* 04.json */,
				FA076AF724BC07C80045F4EA /* 05.json */,
				FA076AC624BC07C10045F4EA /* 06.json */,
				FA076AFF24BC07C90045F4EA /* 07.json */,
				FA076AE624BC07C60045F4EA /* 08.json */,
				FA076AC124BC07C00045F4EA /* 09.json */,
				FA076AB224BC07BD0045F4EA /* 10.json */,
				FA076AFB24BC07C90045F4EA /* 11.json */,
				FA076ACA24BC07C10045F4EA /* 12.json */,
				FA076AF024BC07C70045F4EA /* 13.json */,
				FA076ACB24BC07C10045F4EA /* 14.json */,
				FA076AE324BC07C50045F4EA /* 15.json */,
				FA076ADE24BC07C40045F4EA /* 16.json */,
				FA076ABA24BC07BF0045F4EA /* 17.json */,
				FA076AE524BC07C60045F4EA /* 18.json */,
				FA076AB124BC07BD0045F4EA /* 19.json */,
				FA076AF324BC07C80045F4EA /* 20.json */,
				FA076ABF24BC07BF0045F4EA /* 21.json */,
				FA076ADD24BC07C40045F4EA /* 22.json */,
				FA076AD924BC07C40045F4EA /* 23.json */,
				FA076AED24BC07C70045F4EA /* 24.json */,
				FA076AD824BC07C40045F4EA /* 25.json */,
				FA076AEF24BC07C70045F4EA /* 26.json */,
				FA076B0424BC07CA0045F4EA /* 27.json */,
				FA076AD324BC07C30045F4EA /* 28.json */,
				FA076AF424BC07C80045F4EA /* 29.json */,
				FA076B0124BC07CA0045F4EA /* 30.json */,
				FA076B0024BC07C90045F4EA /* 31.json */,
				FA076ABB24BC07BF0045F4EA /* 32.json */,
				FA076ACF24BC07C20045F4EA /* 33.json */,
				FA076AEB24BC07C60045F4EA /* 34.json */,
				FA076AF824BC07C80045F4EA /* 35.json */,
				FA076B0A24BC07CD0045F4EA /* 36.json */,
				FA076AE224BC07C50045F4EA /* 37.json */,
				FA076AF924BC07C80045F4EA /* 38.json */,
				FA076AD124BC07C20045F4EA /* 39.json */,
				FA076AF524BC07C80045F4EA /* 40.json */,
				FA076ABE24BC07BF0045F4EA /* 41.json */,
				FA076AC224BC07C00045F4EA /* 42.json */,
				FA076AB624BC07BE0045F4EA /* 43.json */,
				FA076B0D24BC07CE0045F4EA /* 44.json */,
				FA076AB024BC07BD0045F4EA /* 45.json */,
				FA076AE424BC07C50045F4EA /* 46.json */,
				FA076AC724BC07C10045F4EA /* 47.json */,
				FA076AC824BC07C10045F4EA /* 48.json */,
				FA076AD224BC07C30045F4EA /* 49.json */,
				FA076ABC24BC07BF0045F4EA /* 50.json */,
				FA076AC324BC07C00045F4EA /* 51.json */,
				FA076AC924BC07C10045F4EA /* 52.json */,
				FA076AC024BC07C00045F4EA /* 53.json */,
				FA076AFA24BC07C90045F4EA /* 54.json */,
				FA076AE724BC07C60045F4EA /* 55.json */,
				FA076B0E24BC07CE0045F4EA /* 56.json */,
				FA076AB824BC07BE0045F4EA /* 57.json */,
				FA076AEA24BC07C60045F4EA /* 58.json */,
				FA076B0624BC07CA0045F4EA /* 59.json */,
				FA076AFC24BC07C90045F4EA /* 60.json */,
				FA076AE824BC07C60045F4EA /* 61.json */,
				FA076ACC24BC07C20045F4EA /* 62.json */,
				FA076B0724BC07CB0045F4EA /* 63.json */,
				FA076AB524BC07BE0045F4EA /* 64.json */,
				FA076AD424BC07C30045F4EA /* 65.json */,
				FA076ADB24BC07C40045F4EA /* 66.json */,
				FA076AEE24BC07C70045F4EA /* 67.json */,
				FA076AE924BC07C60045F4EA /* 68.json */,
				FA076AD024BC07C20045F4EA /* 69.json */,
				FA076AC424BC07C00045F4EA /* 70.json */,
				FA076AD524BC07C30045F4EA /* 71.json */,
				FA076ADA24BC07C40045F4EA /* 72.json */,
				FA076ACD24BC07C20045F4EA /* 73.json */,
				FA076B0924BC07CB0045F4EA /* 74.json */,
				FA076AC524BC07C00045F4EA /* 75.json */,
				FA076B0824BC07CB0045F4EA /* 76.json */,
				FA076AF624BC07C80045F4EA /* 77.json */,
				FA076AFE24BC07C90045F4EA /* 78.json */,
				FA076ADF24BC07C50045F4EA /* 79.json */,
				FA076AFD24BC07C90045F4EA /* 80.json */,
				FA076AEC24BC07C60045F4EA /* 81.json */,
				FA076AF224BC07C70045F4EA /* 82.json */,
				FA076AD624BC07C30045F4EA /* 83.json */,
				FA076B0224BC07CA0045F4EA /* 84.json */,
				FA076B0524BC07CA0045F4EA /* 85.json */,
				FA076B0324BC07CA0045F4EA /* 86.json */,
				FA076AE024BC07C50045F4EA /* 87.json */,
				FA076B0B24BC07CE0045F4EA /* 88.json */,
				FA076AB424BC07BE0045F4EA /* 89.json */,
				FA076AB924BC07BE0045F4EA /* 90.json */,
				FA076AB324BC07BE0045F4EA /* 91.json */,
				FA076ABD24BC07BF0045F4EA /* 92.json */,
				FA076B0C24BC07CE0045F4EA /* 93.json */,
				FA076ADC24BC07C40045F4EA /* 94.json */,
				FA076AF124BC07C70045F4EA /* 95.json */,
			);
			path = zipcodes;
			sourceTree = "<group>";
		};
/* End PBXGroup section */

/* Begin PBXNativeTarget section */
		00E356ED1AD99517003FC87E /* TinaTests */ = {
			isa = PBXNativeTarget;
			buildConfigurationList = 00E357021AD99517003FC87E /* Build configuration list for PBXNativeTarget "TinaTests" */;
			buildPhases = (
				C1E5CA349387F67A178A0B28 /* [CP] Check Pods Manifest.lock */,
				00E356EA1AD99517003FC87E /* Sources */,
				00E356EB1AD99517003FC87E /* Frameworks */,
				00E356EC1AD99517003FC87E /* Resources */,
			);
			buildRules = (
			);
			dependencies = (
				00E356F51AD99517003FC87E /* PBXTargetDependency */,
			);
			name = TinaTests;
			productName = TinaTests;
			productReference = 00E356EE1AD99517003FC87E /* TinaTests.xctest */;
			productType = "com.apple.product-type.bundle.unit-test";
		};
		13B07F861A680F5B00A75B9A /* Tina */ = {
			isa = PBXNativeTarget;
			buildConfigurationList = 13B07F931A680F5B00A75B9A /* Build configuration list for PBXNativeTarget "Tina" */;
			buildPhases = (
				DA1628E5A5D78BCEF7FE0525 /* [CP] Check Pods Manifest.lock */,
				FD10A7F022414F080027D42C /* Start Packager */,
				13B07F871A680F5B00A75B9A /* Sources */,
				13B07F8C1A680F5B00A75B9A /* Frameworks */,
				13B07F8E1A680F5B00A75B9A /* Resources */,
				00DD1BFF1BD5951E006B06BC /* Bundle React Native code and images */,
				84C3959EFA69B2C41D67F55F /* [CP-User] [RNFB] Core Configuration */,
			);
			buildRules = (
			);
			dependencies = (
			);
			name = Tina;
			productName = Tina;
			productReference = 13B07F961A680F5B00A75B9A /* Tina.app */;
			productType = "com.apple.product-type.application";
		};
		2D02E47A1E0B4A5D006451C7 /* Tina-tvOS */ = {
			isa = PBXNativeTarget;
			buildConfigurationList = 2D02E4BA1E0B4A5E006451C7 /* Build configuration list for PBXNativeTarget "Tina-tvOS" */;
			buildPhases = (
				9768D4870AB7E32163D639C0 /* [CP] Check Pods Manifest.lock */,
				FD10A7F122414F3F0027D42C /* Start Packager */,
				2D02E4771E0B4A5D006451C7 /* Sources */,
				2D02E4781E0B4A5D006451C7 /* Frameworks */,
				2D02E4791E0B4A5D006451C7 /* Resources */,
				2D02E4CB1E0B4B27006451C7 /* Bundle React Native Code And Images */,
			);
			buildRules = (
			);
			dependencies = (
			);
			name = "Tina-tvOS";
			productName = "Tina-tvOS";
			productReference = 2D02E47B1E0B4A5D006451C7 /* Tina-tvOS.app */;
			productType = "com.apple.product-type.application";
		};
		2D02E48F1E0B4A5D006451C7 /* Tina-tvOSTests */ = {
			isa = PBXNativeTarget;
			buildConfigurationList = 2D02E4BB1E0B4A5E006451C7 /* Build configuration list for PBXNativeTarget "Tina-tvOSTests" */;
			buildPhases = (
				B98FE726C425115C49B958DE /* [CP] Check Pods Manifest.lock */,
				2D02E48C1E0B4A5D006451C7 /* Sources */,
				2D02E48D1E0B4A5D006451C7 /* Frameworks */,
				2D02E48E1E0B4A5D006451C7 /* Resources */,
			);
			buildRules = (
			);
			dependencies = (
				2D02E4921E0B4A5D006451C7 /* PBXTargetDependency */,
			);
			name = "Tina-tvOSTests";
			productName = "Tina-tvOSTests";
			productReference = 2D02E4901E0B4A5D006451C7 /* Tina-tvOSTests.xctest */;
			productType = "com.apple.product-type.bundle.unit-test";
		};
/* End PBXNativeTarget section */

/* Begin PBXProject section */
		83CBB9F71A601CBA00E9B192 /* Project object */ = {
			isa = PBXProject;
			attributes = {
				LastUpgradeCheck = 1130;
				TargetAttributes = {
					00E356ED1AD99517003FC87E = {
						CreatedOnToolsVersion = 6.2;
						TestTargetID = 13B07F861A680F5B00A75B9A;
					};
					13B07F861A680F5B00A75B9A = {
						DevelopmentTeam = ZSVQXPQ3L5;
						LastSwiftMigration = 1120;
						ProvisioningStyle = Manual;
					};
					2D02E47A1E0B4A5D006451C7 = {
						CreatedOnToolsVersion = 8.2.1;
						ProvisioningStyle = Automatic;
					};
					2D02E48F1E0B4A5D006451C7 = {
						CreatedOnToolsVersion = 8.2.1;
						ProvisioningStyle = Automatic;
						TestTargetID = 2D02E47A1E0B4A5D006451C7;
					};
				};
			};
			buildConfigurationList = 83CBB9FA1A601CBA00E9B192 /* Build configuration list for PBXProject "Tina" */;
			compatibilityVersion = "Xcode 3.2";
			developmentRegion = en;
			hasScannedForEncodings = 0;
			knownRegions = (
				en,
				Base,
			);
			mainGroup = 83CBB9F61A601CBA00E9B192;
			productRefGroup = 83CBBA001A601CBA00E9B192 /* Products */;
			projectDirPath = "";
			projectRoot = "";
			targets = (
				13B07F861A680F5B00A75B9A /* Tina */,
				00E356ED1AD99517003FC87E /* TinaTests */,
				2D02E47A1E0B4A5D006451C7 /* Tina-tvOS */,
				2D02E48F1E0B4A5D006451C7 /* Tina-tvOSTests */,
			);
		};
/* End PBXProject section */

/* Begin PBXResourcesBuildPhase section */
		00E356EC1AD99517003FC87E /* Resources */ = {
			isa = PBXResourcesBuildPhase;
			buildActionMask = 2147483647;
			files = (
			);
			runOnlyForDeploymentPostprocessing = 0;
		};
		13B07F8E1A680F5B00A75B9A /* Resources */ = {
			isa = PBXResourcesBuildPhase;
			buildActionMask = 2147483647;
			files = (
				FA076B6424BC07CF0045F4EA /* 85.json in Resources */,
				FA076B5524BC07CF0045F4EA /* 77.json in Resources */,
				FA076B2324BC07CE0045F4EA /* 70.json in Resources */,
				FA076B6A24BC07CF0045F4EA /* 88.json in Resources */,
				FA076B6024BC07CF0045F4EA /* 30.json in Resources */,
				FA076B1924BC07CE0045F4EA /* 17.json in Resources */,
				13B07FBF1A68108700A75B9A /* Images.xcassets in Resources */,
				FA076B4324BC07CF0045F4EA /* 46.json in Resources */,
				FA076B1424BC07CE0045F4EA /* 64.json in Resources */,
				13B07FBD1A68108700A75B9A /* LaunchScreen.xib in Resources */,
				FA690C2F24BD375500E629B6 /* AppIcon80.png in Resources */,
				FA076B5324BC07CF0045F4EA /* 29.json in Resources */,
				FA076B6224BC07CF0045F4EA /* 86.json in Resources */,
				230A10538FE84238BF99CD62 /* Merriweather-Black.ttf in Resources */,
				FA076B2824BC07CE0045F4EA /* 52.json in Resources */,
				FA076B3224BC07CE0045F4EA /* 28.json in Resources */,
				FA076B6D24BC07CF0045F4EA /* 56.json in Resources */,
				E7A6EFC252574254A4D005F5 /* Merriweather-BlackItalic.ttf in Resources */,
				FA076B6724BC07CF0045F4EA /* 76.json in Resources */,
				FA076B3A24BC07CE0045F4EA /* 66.json in Resources */,
				F0B856DB0C424C69868FE108 /* Merriweather-Bold.ttf in Resources */,
				FA076B6C24BC07CF0045F4EA /* 44.json in Resources */,
				FA076B1224BC07CE0045F4EA /* 91.json in Resources */,
				FA076B2524BC07CE0045F4EA /* 06.json in Resources */,
				FA076B7524BCC9750045F4EA /* AppIcon58.png in Resources */,
				FA076B2024BC07CE0045F4EA /* 09.json in Resources */,
				FA076B3B24BC07CE0045F4EA /* 94.json in Resources */,
				FA076B1324BC07CE0045F4EA /* 89.json in Resources */,
				FA076B5C24BC07CF0045F4EA /* 80.json in Resources */,
				FA076B6124BC07CF0045F4EA /* 84.json in Resources */,
				FA076B2724BC07CE0045F4EA /* 48.json in Resources */,
				FA076B2424BC07CE0045F4EA /* 75.json in Resources */,
				FA076B4024BC07CF0045F4EA /* 03.json in Resources */,
				FA076B6B24BC07CF0045F4EA /* 93.json in Resources */,
				FA076B3124BC07CE0045F4EA /* 49.json in Resources */,
				FA076B2B24BC07CE0045F4EA /* 62.json in Resources */,
				0E7EC3D8AF744F27B98BC063 /* Merriweather-BoldItalic.ttf in Resources */,
				FA076AA524BAEEAB0045F4EA /* launch_screen.png in Resources */,
				FA076B3824BC07CE0045F4EA /* 23.json in Resources */,
				FA076B5B24BC07CF0045F4EA /* 60.json in Resources */,
				FA076B1B24BC07CE0045F4EA /* 50.json in Resources */,
				FA076B4B24BC07CF0045F4EA /* 81.json in Resources */,
				FA076B5D24BC07CF0045F4EA /* 78.json in Resources */,
				FA076B5A24BC07CF0045F4EA /* 11.json in Resources */,
				CBE875D787CB4266B767AB2A /* Merriweather-Italic.ttf in Resources */,
				FA076B3324BC07CE0045F4EA /* 65.json in Resources */,
				7BC6825F2E404CE2A536D7A0 /* Merriweather-Light.ttf in Resources */,
				FA076B5E24BC07CF0045F4EA /* 07.json in Resources */,
				FA076B3624BC07CE0045F4EA /* 01.json in Resources */,
				FA076B6324BC07CF0045F4EA /* 27.json in Resources */,
				FA076B3524BC07CE0045F4EA /* 83.json in Resources */,
				FA076B6924BC07CF0045F4EA /* 36.json in Resources */,
				FA076B1024BC07CE0045F4EA /* 19.json in Resources */,
				FA076B7724BCC9750045F4EA /* AppIcon180.png in Resources */,
				FA076B5224BC07CF0045F4EA /* 20.json in Resources */,
				FA076B1724BC07CE0045F4EA /* 57.json in Resources */,
				FA076B3924BC07CE0045F4EA /* 72.json in Resources */,
				B8EB6E575DF04081A5C9EBCF /* Merriweather-LightItalic.ttf in Resources */,
				FA076B3D24BC07CF0045F4EA /* 16.json in Resources */,
				FA076B5124BC07CF0045F4EA /* 82.json in Resources */,
				FA076B4924BC07CF0045F4EA /* 58.json in Resources */,
				FA076B1A24BC07CE0045F4EA /* 32.json in Resources */,
				FA076B3E24BC07CF0045F4EA /* 79.json in Resources */,
				FA076B2C24BC07CE0045F4EA /* 73.json in Resources */,
				FA076B3F24BC07CF0045F4EA /* 87.json in Resources */,
				FA076B2D24BC07CE0045F4EA /* 04.json in Resources */,
				FA076B4E24BC07CF0045F4EA /* 26.json in Resources */,
				FA076B2E24BC07CE0045F4EA /* 33.json in Resources */,
				1748E5222ACB494D87394105 /* Merriweather-Regular.ttf in Resources */,
				FA076B4C24BC07CF0045F4EA /* 24.json in Resources */,
				FA076B7B24BCC9750045F4EA /* AppIcon87.png in Resources */,
				D8B509F1598D44AAA68054DE /* OpenSans-Bold.ttf in Resources */,
				FA076B4224BC07CF0045F4EA /* 15.json in Resources */,
				FA076B4624BC07CF0045F4EA /* 55.json in Resources */,
				FA076B3C24BC07CF0045F4EA /* 22.json in Resources */,
				FA076B5924BC07CF0045F4EA /* 54.json in Resources */,
				FA076B7A24BCC9750045F4EA /* AppIcon60.png in Resources */,
				2DE4A11C9E4E4AF791488859 /* OpenSans-BoldItalic.ttf in Resources */,
				23B103D2C6014C9ABCB2A11C /* OpenSans-ExtraBold.ttf in Resources */,
				FA076B5024BC07CF0045F4EA /* 95.json in Resources */,
				FA076B2124BC07CE0045F4EA /* 42.json in Resources */,
				D779F3C11FD84A2DA7A5E781 /* OpenSans-ExtraBoldItalic.ttf in Resources */,
				01D16A8702FA45AFBBDDF7C4 /* OpenSans-Italic.ttf in Resources */,
				FA076B1524BC07CE0045F4EA /* 43.json in Resources */,
				FA076B6824BC07CF0045F4EA /* 74.json in Resources */,
				FA076B2224BC07CE0045F4EA /* 51.json in Resources */,
				F392D09F74EC43F9A57F3863 /* OpenSans-Light.ttf in Resources */,
				FA076B2A24BC07CE0045F4EA /* 14.json in Resources */,
				FA076B2624BC07CE0045F4EA /* 47.json in Resources */,
				FA076B7624BCC9750045F4EA /* AppIcon1024.png in Resources */,
				21F9F4FD5FFF425BB900CB54 /* OpenSans-LightItalic.ttf in Resources */,
				FA076B1F24BC07CE0045F4EA /* 53.json in Resources */,
				FA076B5624BC07CF0045F4EA /* 05.json in Resources */,
				FA076B5724BC07CF0045F4EA /* 35.json in Resources */,
				FA076B7824BCC9750045F4EA /* AppIcon120.png in Resources */,
				FA076B1824BC07CE0045F4EA /* 90.json in Resources */,
				FA076B1E24BC07CE0045F4EA /* 21.json in Resources */,
				FA076B7924BCC9750045F4EA /* AppIcon40.png in Resources */,
				FA076B4824BC07CF0045F4EA /* 68.json in Resources */,
				FA076B4F24BC07CF0045F4EA /* 13.json in Resources */,
				FA076B2F24BC07CE0045F4EA /* 69.json in Resources */,
				FA076B0F24BC07CE0045F4EA /* 45.json in Resources */,
				EA59B2D1B96649258981947A /* OpenSans-Regular.ttf in Resources */,
				FA076B4D24BC07CF0045F4EA /* 67.json in Resources */,
				FA076B5424BC07CF0045F4EA /* 40.json in Resources */,
				FA076B4A24BC07CF0045F4EA /* 34.json in Resources */,
				FA076B1C24BC07CE0045F4EA /* 92.json in Resources */,
				FA076B4424BC07CF0045F4EA /* 18.json in Resources */,
				FA076B3424BC07CE0045F4EA /* 71.json in Resources */,
				FA076B4724BC07CF0045F4EA /* 61.json in Resources */,
				FA076B3724BC07CE0045F4EA /* 25.json in Resources */,
				FA076B1D24BC07CE0045F4EA /* 41.json in Resources */,
				FA076AAE24BAFFB80045F4EA /* GoogleService-Info.plist in Resources */,
				FA076B1124BC07CE0045F4EA /* 10.json in Resources */,
				FA076B3024BC07CE0045F4EA /* 39.json in Resources */,
				FA076B2924BC07CE0045F4EA /* 12.json in Resources */,
				FA076B6524BC07CF0045F4EA /* 59.json in Resources */,
				FA076B5824BC07CF0045F4EA /* 38.json in Resources */,
				FA076B1624BC07CE0045F4EA /* 02.json in Resources */,
				FA076B4124BC07CF0045F4EA /* 37.json in Resources */,
				D2E035C4B7844EF58E92504C /* OpenSans-SemiBold.ttf in Resources */,
				FA076B6624BC07CF0045F4EA /* 63.json in Resources */,
				FA076B5F24BC07CF0045F4EA /* 31.json in Resources */,
				FA076B4524BC07CF0045F4EA /* 08.json in Resources */,
				3241DD92F7D44028AD54F2B7 /* OpenSans-SemiBoldItalic.ttf in Resources */,
			);
			runOnlyForDeploymentPostprocessing = 0;
		};
		2D02E4791E0B4A5D006451C7 /* Resources */ = {
			isa = PBXResourcesBuildPhase;
			buildActionMask = 2147483647;
			files = (
				2D02E4BD1E0B4A84006451C7 /* Images.xcassets in Resources */,
			);
			runOnlyForDeploymentPostprocessing = 0;
		};
		2D02E48E1E0B4A5D006451C7 /* Resources */ = {
			isa = PBXResourcesBuildPhase;
			buildActionMask = 2147483647;
			files = (
			);
			runOnlyForDeploymentPostprocessing = 0;
		};
/* End PBXResourcesBuildPhase section */

/* Begin PBXShellScriptBuildPhase section */
		00DD1BFF1BD5951E006B06BC /* Bundle React Native code and images */ = {
			isa = PBXShellScriptBuildPhase;
			buildActionMask = 2147483647;
			files = (
			);
			inputPaths = (
			);
			name = "Bundle React Native code and images";
			outputPaths = (
			);
			runOnlyForDeploymentPostprocessing = 0;
			shellPath = /bin/sh;
			shellScript = "export NODE_BINARY=node\n../node_modules/react-native/scripts/react-native-xcode.sh";
		};
		2D02E4CB1E0B4B27006451C7 /* Bundle React Native Code And Images */ = {
			isa = PBXShellScriptBuildPhase;
			buildActionMask = 2147483647;
			files = (
			);
			inputPaths = (
			);
			name = "Bundle React Native Code And Images";
			outputPaths = (
			);
			runOnlyForDeploymentPostprocessing = 0;
			shellPath = /bin/sh;
			shellScript = "export NODE_BINARY=node\n../node_modules/react-native/scripts/react-native-xcode.sh";
		};
		84C3959EFA69B2C41D67F55F /* [CP-User] [RNFB] Core Configuration */ = {
			isa = PBXShellScriptBuildPhase;
			buildActionMask = 2147483647;
			files = (
			);
			name = "[CP-User] [RNFB] Core Configuration";
			runOnlyForDeploymentPostprocessing = 0;
			shellPath = /bin/sh;
			shellScript = "#!/usr/bin/env bash\n#\n# Copyright (c) 2016-present Invertase Limited & Contributors\n#\n# Licensed under the Apache License, Version 2.0 (the \"License\");\n# you may not use this library except in compliance with the License.\n# You may obtain a copy of the License at\n#\n#   http://www.apache.org/licenses/LICENSE-2.0\n#\n# Unless required by applicable law or agreed to in writing, software\n# distributed under the License is distributed on an \"AS IS\" BASIS,\n# WITHOUT WARRANTIES OR CONDITIONS OF ANY KIND, either express or implied.\n# See the License for the specific language governing permissions and\n# limitations under the License.\n#\nset -e\n\n_MAX_LOOKUPS=2;\n_SEARCH_RESULT=''\n_RN_ROOT_EXISTS=''\n_CURRENT_LOOKUPS=1\n_JSON_ROOT=\"'react-native'\"\n_JSON_FILE_NAME='firebase.json'\n_JSON_OUTPUT_BASE64='e30=' # { }\n_CURRENT_SEARCH_DIR=${PROJECT_DIR}\n_PLIST_BUDDY=/usr/libexec/PlistBuddy\n_TARGET_PLIST=\"${BUILT_PRODUCTS_DIR}/${INFOPLIST_PATH}\"\n_DSYM_PLIST=\"${DWARF_DSYM_FOLDER_PATH}/${DWARF_DSYM_FILE_NAME}/Contents/Info.plist\"\n\n# plist arrays\n_PLIST_ENTRY_KEYS=()\n_PLIST_ENTRY_TYPES=()\n_PLIST_ENTRY_VALUES=()\n\nfunction setPlistValue {\n  echo \"info:      setting plist entry '$1' of type '$2' in file '$4'\"\n  ${_PLIST_BUDDY} -c \"Add :$1 $2 '$3'\" $4 || echo \"info:      '$1' already exists\"\n}\n\nfunction getFirebaseJsonKeyValue () {\n  if [[ ${_RN_ROOT_EXISTS} ]]; then\n    ruby -e \"require 'rubygems';require 'json'; output=JSON.parse('$1'); puts output[$_JSON_ROOT]['$2']\"\n  else\n    echo \"\"\n  fi;\n}\n\nfunction jsonBoolToYesNo () {\n  if [[ $1 == \"false\" ]]; then\n    echo \"NO\"\n  elif [[ $1 == \"true\" ]]; then\n    echo \"YES\"\n  else echo \"NO\"\n  fi\n}\n\necho \"info: -> RNFB build script started\"\necho \"info: 1) Locating ${_JSON_FILE_NAME} file:\"\n\nif [[ -z ${_CURRENT_SEARCH_DIR} ]]; then\n  _CURRENT_SEARCH_DIR=$(pwd)\nfi;\n\nwhile true; do\n  _CURRENT_SEARCH_DIR=$(dirname \"$_CURRENT_SEARCH_DIR\")\n  if [[ \"$_CURRENT_SEARCH_DIR\" == \"/\" ]] || [[ ${_CURRENT_LOOKUPS} -gt ${_MAX_LOOKUPS} ]]; then break; fi;\n  echo \"info:      ($_CURRENT_LOOKUPS of $_MAX_LOOKUPS) Searching in '$_CURRENT_SEARCH_DIR' for a ${_JSON_FILE_NAME} file.\"\n  _SEARCH_RESULT=$(find \"$_CURRENT_SEARCH_DIR\" -maxdepth 2 -name ${_JSON_FILE_NAME} -print | head -n 1)\n  if [[ ${_SEARCH_RESULT} ]]; then\n    echo \"info:      ${_JSON_FILE_NAME} found at $_SEARCH_RESULT\"\n    break;\n  fi;\n  _CURRENT_LOOKUPS=$((_CURRENT_LOOKUPS+1))\ndone\n\nif [[ ${_SEARCH_RESULT} ]]; then\n  _JSON_OUTPUT_RAW=$(cat \"${_SEARCH_RESULT}\")\n  _RN_ROOT_EXISTS=$(ruby -e \"require 'rubygems';require 'json'; output=JSON.parse('$_JSON_OUTPUT_RAW'); puts output[$_JSON_ROOT]\" || echo '')\n\n  if [[ ${_RN_ROOT_EXISTS} ]]; then\n    _JSON_OUTPUT_BASE64=$(python -c 'import json,sys,base64;print(base64.b64encode(json.dumps(json.loads(open('\"'${_SEARCH_RESULT}'\"').read())['${_JSON_ROOT}'])))' || echo \"e30=\")\n  fi\n\n  _PLIST_ENTRY_KEYS+=(\"firebase_json_raw\")\n  _PLIST_ENTRY_TYPES+=(\"string\")\n  _PLIST_ENTRY_VALUES+=(\"$_JSON_OUTPUT_BASE64\")\n\n  # config.messaging_auto_init_enabled\n  _MESSAGING_AUTO_INIT=$(getFirebaseJsonKeyValue \"$_JSON_OUTPUT_RAW\" \"messaging_auto_init_enabled\")\n  if [[ $_MESSAGING_AUTO_INIT ]]; then\n    _PLIST_ENTRY_KEYS+=(\"FirebaseMessagingAutoInitEnabled\")\n    _PLIST_ENTRY_TYPES+=(\"bool\")\n    _PLIST_ENTRY_VALUES+=(\"$(jsonBoolToYesNo \"$_MESSAGING_AUTO_INIT\")\")\n  fi\n\n  # config.crashlytics_disable_auto_disabler - undocumented for now - mainly for debugging, document if becomes usful\n  _CRASHLYTICS_AUTO_DISABLE_ENABLED=$(getFirebaseJsonKeyValue \"$_JSON_OUTPUT_RAW\" \"crashlytics_disable_auto_disabler\")\n  if [[ $_CRASHLYTICS_AUTO_DISABLE_ENABLED == \"true\" ]]; then\n    echo \"Disabled Crashlytics auto disabler.\" # do nothing\n  else\n    _PLIST_ENTRY_KEYS+=(\"firebase_crashlytics_collection_enabled\")\n    _PLIST_ENTRY_TYPES+=(\"bool\")\n    _PLIST_ENTRY_VALUES+=(\"NO\")\n  fi\n\n  # config.admob_delay_app_measurement_init\n  _ADMOB_DELAY_APP_MEASUREMENT=$(getFirebaseJsonKeyValue \"$_JSON_OUTPUT_RAW\" \"admob_delay_app_measurement_init\")\n  if [[ $_ADMOB_DELAY_APP_MEASUREMENT == \"true\" ]]; then\n    _PLIST_ENTRY_KEYS+=(\"GADDelayAppMeasurementInit\")\n    _PLIST_ENTRY_TYPES+=(\"bool\")\n    _PLIST_ENTRY_VALUES+=(\"YES\")\n  fi\n\n  # config.admob_ios_app_id\n  _ADMOB_IOS_APP_ID=$(getFirebaseJsonKeyValue \"$_JSON_OUTPUT_RAW\" \"admob_ios_app_id\")\n  if [[ $_ADMOB_IOS_APP_ID ]]; then\n    _PLIST_ENTRY_KEYS+=(\"GADApplicationIdentifier\")\n    _PLIST_ENTRY_TYPES+=(\"string\")\n    _PLIST_ENTRY_VALUES+=(\"$_ADMOB_IOS_APP_ID\")\n  fi\nelse\n  _PLIST_ENTRY_KEYS+=(\"firebase_json_raw\")\n  _PLIST_ENTRY_TYPES+=(\"string\")\n  _PLIST_ENTRY_VALUES+=(\"$_JSON_OUTPUT_BASE64\")\n  echo \"warning:   A firebase.json file was not found, whilst this file is optional it is recommended to include it to configure firebase services in React Native Firebase.\"\nfi;\n\necho \"info: 2) Injecting Info.plist entries: \"\n\n# Log out the keys we're adding\nfor i in \"${!_PLIST_ENTRY_KEYS[@]}\"; do\n  echo \"    ->  $i) ${_PLIST_ENTRY_KEYS[$i]}\" \"${_PLIST_ENTRY_TYPES[$i]}\" \"${_PLIST_ENTRY_VALUES[$i]}\"\ndone\n\nfor plist in \"${_TARGET_PLIST}\" \"${_DSYM_PLIST}\" ; do\n  if [[ -f \"${plist}\" ]]; then\n\n    # paths with spaces break the call to setPlistValue. temporarily modify\n    # the shell internal field separator variable (IFS), which normally \n    # includes spaces, to consist only of line breaks\n    oldifs=$IFS\n    IFS=\"\n\"\n\n    for i in \"${!_PLIST_ENTRY_KEYS[@]}\"; do\n      setPlistValue \"${_PLIST_ENTRY_KEYS[$i]}\" \"${_PLIST_ENTRY_TYPES[$i]}\" \"${_PLIST_ENTRY_VALUES[$i]}\" \"${plist}\"\n    done\n\n    # restore the original internal field separator value\n    IFS=$oldifs\n  else\n    echo \"warning:   A Info.plist build output file was not found (${plist})\"\n  fi\ndone\n\necho \"info: <- RNFB build script finished\"\n\n";
		};
		9768D4870AB7E32163D639C0 /* [CP] Check Pods Manifest.lock */ = {
			isa = PBXShellScriptBuildPhase;
			buildActionMask = 2147483647;
			files = (
			);
			inputFileListPaths = (
			);
			inputPaths = (
				"${PODS_PODFILE_DIR_PATH}/Podfile.lock",
				"${PODS_ROOT}/Manifest.lock",
			);
			name = "[CP] Check Pods Manifest.lock";
			outputFileListPaths = (
			);
			outputPaths = (
				"$(DERIVED_FILE_DIR)/Pods-Tina-tvOS-checkManifestLockResult.txt",
			);
			runOnlyForDeploymentPostprocessing = 0;
			shellPath = /bin/sh;
			shellScript = "diff \"${PODS_PODFILE_DIR_PATH}/Podfile.lock\" \"${PODS_ROOT}/Manifest.lock\" > /dev/null\nif [ $? != 0 ] ; then\n    # print error to STDERR\n    echo \"error: The sandbox is not in sync with the Podfile.lock. Run 'pod install' or update your CocoaPods installation.\" >&2\n    exit 1\nfi\n# This output is used by Xcode 'outputs' to avoid re-running this script phase.\necho \"SUCCESS\" > \"${SCRIPT_OUTPUT_FILE_0}\"\n";
			showEnvVarsInLog = 0;
		};
		B98FE726C425115C49B958DE /* [CP] Check Pods Manifest.lock */ = {
			isa = PBXShellScriptBuildPhase;
			buildActionMask = 2147483647;
			files = (
			);
			inputFileListPaths = (
			);
			inputPaths = (
				"${PODS_PODFILE_DIR_PATH}/Podfile.lock",
				"${PODS_ROOT}/Manifest.lock",
			);
			name = "[CP] Check Pods Manifest.lock";
			outputFileListPaths = (
			);
			outputPaths = (
				"$(DERIVED_FILE_DIR)/Pods-Tina-tvOSTests-checkManifestLockResult.txt",
			);
			runOnlyForDeploymentPostprocessing = 0;
			shellPath = /bin/sh;
			shellScript = "diff \"${PODS_PODFILE_DIR_PATH}/Podfile.lock\" \"${PODS_ROOT}/Manifest.lock\" > /dev/null\nif [ $? != 0 ] ; then\n    # print error to STDERR\n    echo \"error: The sandbox is not in sync with the Podfile.lock. Run 'pod install' or update your CocoaPods installation.\" >&2\n    exit 1\nfi\n# This output is used by Xcode 'outputs' to avoid re-running this script phase.\necho \"SUCCESS\" > \"${SCRIPT_OUTPUT_FILE_0}\"\n";
			showEnvVarsInLog = 0;
		};
		C1E5CA349387F67A178A0B28 /* [CP] Check Pods Manifest.lock */ = {
			isa = PBXShellScriptBuildPhase;
			buildActionMask = 2147483647;
			files = (
			);
			inputFileListPaths = (
			);
			inputPaths = (
				"${PODS_PODFILE_DIR_PATH}/Podfile.lock",
				"${PODS_ROOT}/Manifest.lock",
			);
			name = "[CP] Check Pods Manifest.lock";
			outputFileListPaths = (
			);
			outputPaths = (
				"$(DERIVED_FILE_DIR)/Pods-Tina-TinaTests-checkManifestLockResult.txt",
			);
			runOnlyForDeploymentPostprocessing = 0;
			shellPath = /bin/sh;
			shellScript = "diff \"${PODS_PODFILE_DIR_PATH}/Podfile.lock\" \"${PODS_ROOT}/Manifest.lock\" > /dev/null\nif [ $? != 0 ] ; then\n    # print error to STDERR\n    echo \"error: The sandbox is not in sync with the Podfile.lock. Run 'pod install' or update your CocoaPods installation.\" >&2\n    exit 1\nfi\n# This output is used by Xcode 'outputs' to avoid re-running this script phase.\necho \"SUCCESS\" > \"${SCRIPT_OUTPUT_FILE_0}\"\n";
			showEnvVarsInLog = 0;
		};
		DA1628E5A5D78BCEF7FE0525 /* [CP] Check Pods Manifest.lock */ = {
			isa = PBXShellScriptBuildPhase;
			buildActionMask = 2147483647;
			files = (
			);
			inputFileListPaths = (
			);
			inputPaths = (
				"${PODS_PODFILE_DIR_PATH}/Podfile.lock",
				"${PODS_ROOT}/Manifest.lock",
			);
			name = "[CP] Check Pods Manifest.lock";
			outputFileListPaths = (
			);
			outputPaths = (
				"$(DERIVED_FILE_DIR)/Pods-Tina-checkManifestLockResult.txt",
			);
			runOnlyForDeploymentPostprocessing = 0;
			shellPath = /bin/sh;
			shellScript = "diff \"${PODS_PODFILE_DIR_PATH}/Podfile.lock\" \"${PODS_ROOT}/Manifest.lock\" > /dev/null\nif [ $? != 0 ] ; then\n    # print error to STDERR\n    echo \"error: The sandbox is not in sync with the Podfile.lock. Run 'pod install' or update your CocoaPods installation.\" >&2\n    exit 1\nfi\n# This output is used by Xcode 'outputs' to avoid re-running this script phase.\necho \"SUCCESS\" > \"${SCRIPT_OUTPUT_FILE_0}\"\n";
			showEnvVarsInLog = 0;
		};
		FD10A7F022414F080027D42C /* Start Packager */ = {
			isa = PBXShellScriptBuildPhase;
			buildActionMask = 2147483647;
			files = (
			);
			inputFileListPaths = (
			);
			inputPaths = (
			);
			name = "Start Packager";
			outputFileListPaths = (
			);
			outputPaths = (
			);
			runOnlyForDeploymentPostprocessing = 0;
			shellPath = /bin/sh;
			shellScript = "export RCT_METRO_PORT=\"${RCT_METRO_PORT:=8081}\"\necho \"export RCT_METRO_PORT=${RCT_METRO_PORT}\" > \"${SRCROOT}/../node_modules/react-native/scripts/.packager.env\"\nif [ -z \"${RCT_NO_LAUNCH_PACKAGER+xxx}\" ] ; then\n  if nc -w 5 -z localhost ${RCT_METRO_PORT} ; then\n    if ! curl -s \"http://localhost:${RCT_METRO_PORT}/status\" | grep -q \"packager-status:running\" ; then\n      echo \"Port ${RCT_METRO_PORT} already in use, packager is either not running or not running correctly\"\n      exit 2\n    fi\n  else\n    open \"$SRCROOT/../node_modules/react-native/scripts/launchPackager.command\" || echo \"Can't start packager automatically\"\n  fi\nfi\n";
			showEnvVarsInLog = 0;
		};
		FD10A7F122414F3F0027D42C /* Start Packager */ = {
			isa = PBXShellScriptBuildPhase;
			buildActionMask = 2147483647;
			files = (
			);
			inputFileListPaths = (
			);
			inputPaths = (
			);
			name = "Start Packager";
			outputFileListPaths = (
			);
			outputPaths = (
			);
			runOnlyForDeploymentPostprocessing = 0;
			shellPath = /bin/sh;
			shellScript = "export RCT_METRO_PORT=\"${RCT_METRO_PORT:=8081}\"\necho \"export RCT_METRO_PORT=${RCT_METRO_PORT}\" > \"${SRCROOT}/../node_modules/react-native/scripts/.packager.env\"\nif [ -z \"${RCT_NO_LAUNCH_PACKAGER+xxx}\" ] ; then\n  if nc -w 5 -z localhost ${RCT_METRO_PORT} ; then\n    if ! curl -s \"http://localhost:${RCT_METRO_PORT}/status\" | grep -q \"packager-status:running\" ; then\n      echo \"Port ${RCT_METRO_PORT} already in use, packager is either not running or not running correctly\"\n      exit 2\n    fi\n  else\n    open \"$SRCROOT/../node_modules/react-native/scripts/launchPackager.command\" || echo \"Can't start packager automatically\"\n  fi\nfi\n";
			showEnvVarsInLog = 0;
		};
/* End PBXShellScriptBuildPhase section */

/* Begin PBXSourcesBuildPhase section */
		00E356EA1AD99517003FC87E /* Sources */ = {
			isa = PBXSourcesBuildPhase;
			buildActionMask = 2147483647;
			files = (
				00E356F31AD99517003FC87E /* TinaTests.m in Sources */,
			);
			runOnlyForDeploymentPostprocessing = 0;
		};
		13B07F871A680F5B00A75B9A /* Sources */ = {
			isa = PBXSourcesBuildPhase;
			buildActionMask = 2147483647;
			files = (
				13B07FBC1A68108700A75B9A /* AppDelegate.m in Sources */,
				13B07FC11A68108700A75B9A /* main.m in Sources */,
			);
			runOnlyForDeploymentPostprocessing = 0;
		};
		2D02E4771E0B4A5D006451C7 /* Sources */ = {
			isa = PBXSourcesBuildPhase;
			buildActionMask = 2147483647;
			files = (
				2D02E4BF1E0B4AB3006451C7 /* main.m in Sources */,
				2D02E4BC1E0B4A80006451C7 /* AppDelegate.m in Sources */,
			);
			runOnlyForDeploymentPostprocessing = 0;
		};
		2D02E48C1E0B4A5D006451C7 /* Sources */ = {
			isa = PBXSourcesBuildPhase;
			buildActionMask = 2147483647;
			files = (
				2DCD954D1E0B4F2C00145EB5 /* TinaTests.m in Sources */,
			);
			runOnlyForDeploymentPostprocessing = 0;
		};
/* End PBXSourcesBuildPhase section */

/* Begin PBXTargetDependency section */
		00E356F51AD99517003FC87E /* PBXTargetDependency */ = {
			isa = PBXTargetDependency;
			target = 13B07F861A680F5B00A75B9A /* Tina */;
			targetProxy = 00E356F41AD99517003FC87E /* PBXContainerItemProxy */;
		};
		2D02E4921E0B4A5D006451C7 /* PBXTargetDependency */ = {
			isa = PBXTargetDependency;
			target = 2D02E47A1E0B4A5D006451C7 /* Tina-tvOS */;
			targetProxy = 2D02E4911E0B4A5D006451C7 /* PBXContainerItemProxy */;
		};
/* End PBXTargetDependency section */

/* Begin PBXVariantGroup section */
		13B07FB11A68108700A75B9A /* LaunchScreen.xib */ = {
			isa = PBXVariantGroup;
			children = (
				13B07FB21A68108700A75B9A /* Base */,
			);
			name = LaunchScreen.xib;
			path = Tina;
			sourceTree = "<group>";
		};
/* End PBXVariantGroup section */

/* Begin XCBuildConfiguration section */
		00E356F61AD99517003FC87E /* Debug */ = {
			isa = XCBuildConfiguration;
			baseConfigurationReference = 86EBA38993FE467479615D59 /* Pods-Tina-TinaTests.debug.xcconfig */;
			buildSettings = {
				BUNDLE_LOADER = "$(TEST_HOST)";
				GCC_PREPROCESSOR_DEFINITIONS = (
					"DEBUG=1",
					"$(inherited)",
				);
				INFOPLIST_FILE = TinaTests/Info.plist;
				IPHONEOS_DEPLOYMENT_TARGET = 9.0;
				LD_RUNPATH_SEARCH_PATHS = "$(inherited) @executable_path/Frameworks @loader_path/Frameworks";
				OTHER_LDFLAGS = (
					"-ObjC",
					"-lc++",
					"$(inherited)",
				);
				PRODUCT_BUNDLE_IDENTIFIER = "org.reactjs.native.example.$(PRODUCT_NAME:rfc1034identifier)";
				PRODUCT_NAME = "$(TARGET_NAME)";
				TEST_HOST = "$(BUILT_PRODUCTS_DIR)/Tina.app/Tina";
			};
			name = Debug;
		};
		00E356F71AD99517003FC87E /* Release */ = {
			isa = XCBuildConfiguration;
			baseConfigurationReference = D5C7E5D23C6439C61723E5B8 /* Pods-Tina-TinaTests.release.xcconfig */;
			buildSettings = {
				BUNDLE_LOADER = "$(TEST_HOST)";
				COPY_PHASE_STRIP = NO;
				INFOPLIST_FILE = TinaTests/Info.plist;
				IPHONEOS_DEPLOYMENT_TARGET = 9.0;
				LD_RUNPATH_SEARCH_PATHS = "$(inherited) @executable_path/Frameworks @loader_path/Frameworks";
				OTHER_LDFLAGS = (
					"-ObjC",
					"-lc++",
					"$(inherited)",
				);
				PRODUCT_BUNDLE_IDENTIFIER = "org.reactjs.native.example.$(PRODUCT_NAME:rfc1034identifier)";
				PRODUCT_NAME = "$(TARGET_NAME)";
				TEST_HOST = "$(BUILT_PRODUCTS_DIR)/Tina.app/Tina";
			};
			name = Release;
		};
		13B07F941A680F5B00A75B9A /* Debug */ = {
			isa = XCBuildConfiguration;
			baseConfigurationReference = 038AC5B0DE7983681112AAE3 /* Pods-Tina.debug.xcconfig */;
			buildSettings = {
				ASSETCATALOG_COMPILER_APPICON_NAME = AppIcon;
				CLANG_ENABLE_MODULES = YES;
				CODE_SIGN_ENTITLEMENTS = Tina/Tina.entitlements;
				CODE_SIGN_IDENTITY = "Apple Distribution: LA2 PLUS (ZSVQXPQ3L5)";
				CODE_SIGN_STYLE = Manual;
				CURRENT_PROJECT_VERSION = 1.0.5;
				DEVELOPMENT_TEAM = ZSVQXPQ3L5;
				ENABLE_BITCODE = NO;
				GCC_PREPROCESSOR_DEFINITIONS = (
					"$(inherited)",
					"FB_SONARKIT_ENABLED=1",
				);
				INFOPLIST_FILE = Tina/Info.plist;
				LD_RUNPATH_SEARCH_PATHS = "$(inherited) @executable_path/Frameworks";
				OTHER_LDFLAGS = (
					"$(inherited)",
					"-ObjC",
					"-lc++",
				);
				PRODUCT_BUNDLE_IDENTIFIER = com.laplus.tina;
				PRODUCT_NAME = Tina;
				PROVISIONING_PROFILE_SPECIFIER = tina_prod_provision;
				SWIFT_OPTIMIZATION_LEVEL = "-Onone";
				SWIFT_VERSION = 5.0;
				VERSIONING_SYSTEM = "apple-generic";
			};
			name = Debug;
		};
		13B07F951A680F5B00A75B9A /* Release */ = {
			isa = XCBuildConfiguration;
			baseConfigurationReference = 1564FB33FF75DB47AC42AD84 /* Pods-Tina.release.xcconfig */;
			buildSettings = {
				ASSETCATALOG_COMPILER_APPICON_NAME = AppIcon;
				CLANG_ENABLE_MODULES = YES;
				CODE_SIGN_ENTITLEMENTS = Tina/Tina.entitlements;
				CODE_SIGN_IDENTITY = "Apple Distribution: LA2 PLUS (ZSVQXPQ3L5)";
				CODE_SIGN_STYLE = Manual;
				CURRENT_PROJECT_VERSION = 1.0.5;
				DEVELOPMENT_TEAM = ZSVQXPQ3L5;
				INFOPLIST_FILE = Tina/Info.plist;
				LD_RUNPATH_SEARCH_PATHS = "$(inherited) @executable_path/Frameworks";
				OTHER_LDFLAGS = (
					"$(inherited)",
					"-ObjC",
					"-lc++",
				);
				PRODUCT_BUNDLE_IDENTIFIER = com.laplus.tina;
				PRODUCT_NAME = Tina;
				PROVISIONING_PROFILE_SPECIFIER = tina_prod_provision;
				SWIFT_VERSION = 5.0;
				VERSIONING_SYSTEM = "apple-generic";
			};
			name = Release;
		};
		2D02E4971E0B4A5E006451C7 /* Debug */ = {
			isa = XCBuildConfiguration;
			baseConfigurationReference = 209A74D76EE982ABBC5E76F6 /* Pods-Tina-tvOS.debug.xcconfig */;
			buildSettings = {
				ASSETCATALOG_COMPILER_APPICON_NAME = "App Icon & Top Shelf Image";
				ASSETCATALOG_COMPILER_LAUNCHIMAGE_NAME = LaunchImage;
				CLANG_ANALYZER_NONNULL = YES;
				CLANG_WARN_DOCUMENTATION_COMMENTS = YES;
				CLANG_WARN_INFINITE_RECURSION = YES;
				CLANG_WARN_SUSPICIOUS_MOVE = YES;
				DEBUG_INFORMATION_FORMAT = dwarf;
				ENABLE_TESTABILITY = YES;
				GCC_NO_COMMON_BLOCKS = YES;
				INFOPLIST_FILE = "Tina-tvOS/Info.plist";
				LD_RUNPATH_SEARCH_PATHS = "$(inherited) @executable_path/Frameworks";
				OTHER_LDFLAGS = (
					"$(inherited)",
					"-ObjC",
					"-lc++",
				);
				PRODUCT_BUNDLE_IDENTIFIER = "org.reactjs.native.example.Tina-tvOS";
				PRODUCT_NAME = "$(TARGET_NAME)";
				SDKROOT = appletvos;
				TARGETED_DEVICE_FAMILY = 3;
				TVOS_DEPLOYMENT_TARGET = 9.2;
			};
			name = Debug;
		};
		2D02E4981E0B4A5E006451C7 /* Release */ = {
			isa = XCBuildConfiguration;
			baseConfigurationReference = 831F8DF6991E37E841A4BCB2 /* Pods-Tina-tvOS.release.xcconfig */;
			buildSettings = {
				ASSETCATALOG_COMPILER_APPICON_NAME = "App Icon & Top Shelf Image";
				ASSETCATALOG_COMPILER_LAUNCHIMAGE_NAME = LaunchImage;
				CLANG_ANALYZER_NONNULL = YES;
				CLANG_WARN_DOCUMENTATION_COMMENTS = YES;
				CLANG_WARN_INFINITE_RECURSION = YES;
				CLANG_WARN_SUSPICIOUS_MOVE = YES;
				COPY_PHASE_STRIP = NO;
				DEBUG_INFORMATION_FORMAT = "dwarf-with-dsym";
				GCC_NO_COMMON_BLOCKS = YES;
				INFOPLIST_FILE = "Tina-tvOS/Info.plist";
				LD_RUNPATH_SEARCH_PATHS = "$(inherited) @executable_path/Frameworks";
				OTHER_LDFLAGS = (
					"$(inherited)",
					"-ObjC",
					"-lc++",
				);
				PRODUCT_BUNDLE_IDENTIFIER = "org.reactjs.native.example.Tina-tvOS";
				PRODUCT_NAME = "$(TARGET_NAME)";
				SDKROOT = appletvos;
				TARGETED_DEVICE_FAMILY = 3;
				TVOS_DEPLOYMENT_TARGET = 9.2;
			};
			name = Release;
		};
		2D02E4991E0B4A5E006451C7 /* Debug */ = {
			isa = XCBuildConfiguration;
			baseConfigurationReference = 6FADDCF1335AD1D234268030 /* Pods-Tina-tvOSTests.debug.xcconfig */;
			buildSettings = {
				BUNDLE_LOADER = "$(TEST_HOST)";
				CLANG_ANALYZER_NONNULL = YES;
				CLANG_WARN_DOCUMENTATION_COMMENTS = YES;
				CLANG_WARN_INFINITE_RECURSION = YES;
				CLANG_WARN_SUSPICIOUS_MOVE = YES;
				DEBUG_INFORMATION_FORMAT = dwarf;
				ENABLE_TESTABILITY = YES;
				GCC_NO_COMMON_BLOCKS = YES;
				INFOPLIST_FILE = "Tina-tvOSTests/Info.plist";
				LD_RUNPATH_SEARCH_PATHS = "$(inherited) @executable_path/Frameworks @loader_path/Frameworks";
				OTHER_LDFLAGS = (
					"$(inherited)",
					"-ObjC",
					"-lc++",
				);
				PRODUCT_BUNDLE_IDENTIFIER = "org.reactjs.native.example.Tina-tvOSTests";
				PRODUCT_NAME = "$(TARGET_NAME)";
				SDKROOT = appletvos;
				TEST_HOST = "$(BUILT_PRODUCTS_DIR)/Tina-tvOS.app/Tina-tvOS";
				TVOS_DEPLOYMENT_TARGET = 10.1;
			};
			name = Debug;
		};
		2D02E49A1E0B4A5E006451C7 /* Release */ = {
			isa = XCBuildConfiguration;
			baseConfigurationReference = 60BC2B4D9DC8F8895B73A495 /* Pods-Tina-tvOSTests.release.xcconfig */;
			buildSettings = {
				BUNDLE_LOADER = "$(TEST_HOST)";
				CLANG_ANALYZER_NONNULL = YES;
				CLANG_WARN_DOCUMENTATION_COMMENTS = YES;
				CLANG_WARN_INFINITE_RECURSION = YES;
				CLANG_WARN_SUSPICIOUS_MOVE = YES;
				COPY_PHASE_STRIP = NO;
				DEBUG_INFORMATION_FORMAT = "dwarf-with-dsym";
				GCC_NO_COMMON_BLOCKS = YES;
				INFOPLIST_FILE = "Tina-tvOSTests/Info.plist";
				LD_RUNPATH_SEARCH_PATHS = "$(inherited) @executable_path/Frameworks @loader_path/Frameworks";
				OTHER_LDFLAGS = (
					"$(inherited)",
					"-ObjC",
					"-lc++",
				);
				PRODUCT_BUNDLE_IDENTIFIER = "org.reactjs.native.example.Tina-tvOSTests";
				PRODUCT_NAME = "$(TARGET_NAME)";
				SDKROOT = appletvos;
				TEST_HOST = "$(BUILT_PRODUCTS_DIR)/Tina-tvOS.app/Tina-tvOS";
				TVOS_DEPLOYMENT_TARGET = 10.1;
			};
			name = Release;
		};
		83CBBA201A601CBA00E9B192 /* Debug */ = {
			isa = XCBuildConfiguration;
			buildSettings = {
				ALWAYS_SEARCH_USER_PATHS = NO;
				CLANG_ANALYZER_LOCALIZABILITY_NONLOCALIZED = YES;
				CLANG_CXX_LANGUAGE_STANDARD = "gnu++0x";
				CLANG_CXX_LIBRARY = "libc++";
				CLANG_ENABLE_MODULES = YES;
				CLANG_ENABLE_OBJC_ARC = YES;
				CLANG_WARN_BLOCK_CAPTURE_AUTORELEASING = YES;
				CLANG_WARN_BOOL_CONVERSION = YES;
				CLANG_WARN_COMMA = YES;
				CLANG_WARN_CONSTANT_CONVERSION = YES;
				CLANG_WARN_DEPRECATED_OBJC_IMPLEMENTATIONS = YES;
				CLANG_WARN_DIRECT_OBJC_ISA_USAGE = YES_ERROR;
				CLANG_WARN_EMPTY_BODY = YES;
				CLANG_WARN_ENUM_CONVERSION = YES;
				CLANG_WARN_INFINITE_RECURSION = YES;
				CLANG_WARN_INT_CONVERSION = YES;
				CLANG_WARN_NON_LITERAL_NULL_CONVERSION = YES;
				CLANG_WARN_OBJC_IMPLICIT_RETAIN_SELF = YES;
				CLANG_WARN_OBJC_LITERAL_CONVERSION = YES;
				CLANG_WARN_OBJC_ROOT_CLASS = YES_ERROR;
				CLANG_WARN_RANGE_LOOP_ANALYSIS = YES;
				CLANG_WARN_STRICT_PROTOTYPES = YES;
				CLANG_WARN_SUSPICIOUS_MOVE = YES;
				CLANG_WARN_UNREACHABLE_CODE = YES;
				CLANG_WARN__DUPLICATE_METHOD_MATCH = YES;
				"CODE_SIGN_IDENTITY[sdk=iphoneos*]" = "iPhone Developer";
				COPY_PHASE_STRIP = NO;
				ENABLE_STRICT_OBJC_MSGSEND = YES;
				ENABLE_TESTABILITY = YES;
				GCC_C_LANGUAGE_STANDARD = gnu99;
				GCC_DYNAMIC_NO_PIC = NO;
				GCC_NO_COMMON_BLOCKS = YES;
				GCC_OPTIMIZATION_LEVEL = 0;
				GCC_PREPROCESSOR_DEFINITIONS = (
					"DEBUG=1",
					"$(inherited)",
				);
				GCC_SYMBOLS_PRIVATE_EXTERN = NO;
				GCC_WARN_64_TO_32_BIT_CONVERSION = YES;
				GCC_WARN_ABOUT_RETURN_TYPE = YES_ERROR;
				GCC_WARN_UNDECLARED_SELECTOR = YES;
				GCC_WARN_UNINITIALIZED_AUTOS = YES_AGGRESSIVE;
				GCC_WARN_UNUSED_FUNCTION = YES;
				GCC_WARN_UNUSED_VARIABLE = YES;
				IPHONEOS_DEPLOYMENT_TARGET = 13.2;
				LD_RUNPATH_SEARCH_PATHS = "/usr/lib/swift $(inherited)";
				LIBRARY_SEARCH_PATHS = (
					"\"$(TOOLCHAIN_DIR)/usr/lib/swift/$(PLATFORM_NAME)\"",
					"\"$(TOOLCHAIN_DIR)/usr/lib/swift-5.0/$(PLATFORM_NAME)\"",
					"\"$(inherited)\"",
				);
				MTL_ENABLE_DEBUG_INFO = YES;
				ONLY_ACTIVE_ARCH = YES;
				SDKROOT = iphoneos;
			};
			name = Debug;
		};
		83CBBA211A601CBA00E9B192 /* Release */ = {
			isa = XCBuildConfiguration;
			buildSettings = {
				ALWAYS_SEARCH_USER_PATHS = NO;
				CLANG_ANALYZER_LOCALIZABILITY_NONLOCALIZED = YES;
				CLANG_CXX_LANGUAGE_STANDARD = "gnu++0x";
				CLANG_CXX_LIBRARY = "libc++";
				CLANG_ENABLE_MODULES = YES;
				CLANG_ENABLE_OBJC_ARC = YES;
				CLANG_WARN_BLOCK_CAPTURE_AUTORELEASING = YES;
				CLANG_WARN_BOOL_CONVERSION = YES;
				CLANG_WARN_COMMA = YES;
				CLANG_WARN_CONSTANT_CONVERSION = YES;
				CLANG_WARN_DEPRECATED_OBJC_IMPLEMENTATIONS = YES;
				CLANG_WARN_DIRECT_OBJC_ISA_USAGE = YES_ERROR;
				CLANG_WARN_EMPTY_BODY = YES;
				CLANG_WARN_ENUM_CONVERSION = YES;
				CLANG_WARN_INFINITE_RECURSION = YES;
				CLANG_WARN_INT_CONVERSION = YES;
				CLANG_WARN_NON_LITERAL_NULL_CONVERSION = YES;
				CLANG_WARN_OBJC_IMPLICIT_RETAIN_SELF = YES;
				CLANG_WARN_OBJC_LITERAL_CONVERSION = YES;
				CLANG_WARN_OBJC_ROOT_CLASS = YES_ERROR;
				CLANG_WARN_RANGE_LOOP_ANALYSIS = YES;
				CLANG_WARN_STRICT_PROTOTYPES = YES;
				CLANG_WARN_SUSPICIOUS_MOVE = YES;
				CLANG_WARN_UNREACHABLE_CODE = YES;
				CLANG_WARN__DUPLICATE_METHOD_MATCH = YES;
				"CODE_SIGN_IDENTITY[sdk=iphoneos*]" = "iPhone Developer";
				COPY_PHASE_STRIP = YES;
				ENABLE_NS_ASSERTIONS = NO;
				ENABLE_STRICT_OBJC_MSGSEND = YES;
				GCC_C_LANGUAGE_STANDARD = gnu99;
				GCC_NO_COMMON_BLOCKS = YES;
				GCC_WARN_64_TO_32_BIT_CONVERSION = YES;
				GCC_WARN_ABOUT_RETURN_TYPE = YES_ERROR;
				GCC_WARN_UNDECLARED_SELECTOR = YES;
				GCC_WARN_UNINITIALIZED_AUTOS = YES_AGGRESSIVE;
				GCC_WARN_UNUSED_FUNCTION = YES;
				GCC_WARN_UNUSED_VARIABLE = YES;
				IPHONEOS_DEPLOYMENT_TARGET = 13.2;
				LD_RUNPATH_SEARCH_PATHS = "/usr/lib/swift $(inherited)";
				LIBRARY_SEARCH_PATHS = (
					"\"$(TOOLCHAIN_DIR)/usr/lib/swift/$(PLATFORM_NAME)\"",
					"\"$(TOOLCHAIN_DIR)/usr/lib/swift-5.0/$(PLATFORM_NAME)\"",
					"\"$(inherited)\"",
				);
				MTL_ENABLE_DEBUG_INFO = NO;
				SDKROOT = iphoneos;
				VALIDATE_PRODUCT = YES;
			};
			name = Release;
		};
/* End XCBuildConfiguration section */

/* Begin XCConfigurationList section */
		00E357021AD99517003FC87E /* Build configuration list for PBXNativeTarget "TinaTests" */ = {
			isa = XCConfigurationList;
			buildConfigurations = (
				00E356F61AD99517003FC87E /* Debug */,
				00E356F71AD99517003FC87E /* Release */,
			);
			defaultConfigurationIsVisible = 0;
			defaultConfigurationName = Debug;
		};
		13B07F931A680F5B00A75B9A /* Build configuration list for PBXNativeTarget "Tina" */ = {
			isa = XCConfigurationList;
			buildConfigurations = (
				13B07F941A680F5B00A75B9A /* Debug */,
				13B07F951A680F5B00A75B9A /* Release */,
			);
			defaultConfigurationIsVisible = 0;
			defaultConfigurationName = Debug;
		};
		2D02E4BA1E0B4A5E006451C7 /* Build configuration list for PBXNativeTarget "Tina-tvOS" */ = {
			isa = XCConfigurationList;
			buildConfigurations = (
				2D02E4971E0B4A5E006451C7 /* Debug */,
				2D02E4981E0B4A5E006451C7 /* Release */,
			);
			defaultConfigurationIsVisible = 0;
			defaultConfigurationName = Debug;
		};
		2D02E4BB1E0B4A5E006451C7 /* Build configuration list for PBXNativeTarget "Tina-tvOSTests" */ = {
			isa = XCConfigurationList;
			buildConfigurations = (
				2D02E4991E0B4A5E006451C7 /* Debug */,
				2D02E49A1E0B4A5E006451C7 /* Release */,
			);
			defaultConfigurationIsVisible = 0;
			defaultConfigurationName = Debug;
		};
		83CBB9FA1A601CBA00E9B192 /* Build configuration list for PBXProject "Tina" */ = {
			isa = XCConfigurationList;
			buildConfigurations = (
				83CBBA201A601CBA00E9B192 /* Debug */,
				83CBBA211A601CBA00E9B192 /* Release */,
			);
			defaultConfigurationIsVisible = 0;
			defaultConfigurationName = Debug;
		};
/* End XCConfigurationList section */
	};
	rootObject = 83CBB9F71A601CBA00E9B192 /* Project object */;
}
